PODS:
  - ASIHTTPRequest (1.8.1):
    - ASIHTTPRequest/ASIWebPageRequest
    - ASIHTTPRequest/CloudFiles
    - ASIHTTPRequest/S3
    - Reachability
  - ASIHTTPRequest/ASIWebPageRequest (1.8.1):
    - Reachability
  - ASIHTTPRequest/CloudFiles (1.8.1):
    - Reachability
  - ASIHTTPRequest/S3 (1.8.1):
    - Reachability
  - GCDiscreetNotificationView (1.0.2)
  - Google-Maps-iOS-SDK (1.4.3)
  - Reachability (3.1.1)

DEPENDENCIES:
  - ASIHTTPRequest
  - GCDiscreetNotificationView
  - Google-Maps-iOS-SDK

SPEC CHECKSUMS:
  ASIHTTPRequest: a411b8d0f006ed8fc24248be6a0c4ad2abc9b101
  GCDiscreetNotificationView: ca4a876d0eb65950f166eda41525c648044f00d3
  Google-Maps-iOS-SDK: 95f3f0449239554c3d87415ff79da934aa9c6014
  Reachability: 2be6bc2fd2bd31d97f5db33e75e4b29c79e95883

COCOAPODS: 0.20.2
