// !$*UTF8*$!
{
	archiveVersion = 1;
	classes = {
	};
	objectVersion = 46;
	objects = {

/* Begin PBXBuildFile section */
		DAFA4465FC1F6A7992D43A03 /* libPods-Marguerite.a in Frameworks */ = {isa = PBXBuildFile; fileRef = C6D8696DDAE08EDF584D86EC /* libPods-Marguerite.a */; };
		F41C7FB11AA8273A009B2A23 /* GTFSImporter.m in Sources */ = {isa = PBXBuildFile; fileRef = F41C7F8A1AA8273A009B2A23 /* GTFSImporter.m */; };
		F41C7FB21AA8273A009B2A23 /* CSVParser.m in Sources */ = {isa = PBXBuildFile; fileRef = F41C7F8E1AA8273A009B2A23 /* CSVParser.m */; settings = {COMPILER_FLAGS = "-fno-objc-arc"; }; };
		F41C7FB81AA8273A009B2A23 /* GTFSAgency.m in Sources */ = {isa = PBXBuildFile; fileRef = F41C7F9C1AA8273A009B2A23 /* GTFSAgency.m */; };
		F41C7FB91AA8273A009B2A23 /* GTFSCalendar.m in Sources */ = {isa = PBXBuildFile; fileRef = F41C7F9E1AA8273A009B2A23 /* GTFSCalendar.m */; };
		F41C7FBA1AA8273A009B2A23 /* GTFSCalendarDate.m in Sources */ = {isa = PBXBuildFile; fileRef = F41C7FA01AA8273A009B2A23 /* GTFSCalendarDate.m */; };
		F41C7FBB1AA8273A009B2A23 /* GTFSFareAttributes.m in Sources */ = {isa = PBXBuildFile; fileRef = F41C7FA21AA8273A009B2A23 /* GTFSFareAttributes.m */; };
		F41C7FBC1AA8273A009B2A23 /* GTFSFareRules.m in Sources */ = {isa = PBXBuildFile; fileRef = F41C7FA41AA8273A009B2A23 /* GTFSFareRules.m */; };
		F41C7FBD1AA8273A009B2A23 /* GTFSRoute.m in Sources */ = {isa = PBXBuildFile; fileRef = F41C7FA61AA8273A009B2A23 /* GTFSRoute.m */; };
		F41C7FBE1AA8273A009B2A23 /* GTFSShape.m in Sources */ = {isa = PBXBuildFile; fileRef = F41C7FA81AA8273A009B2A23 /* GTFSShape.m */; };
		F41C7FBF1AA8273A009B2A23 /* GTFSStop.m in Sources */ = {isa = PBXBuildFile; fileRef = F41C7FAA1AA8273A009B2A23 /* GTFSStop.m */; };
		F41C7FC01AA8273A009B2A23 /* GTFSStopTime.m in Sources */ = {isa = PBXBuildFile; fileRef = F41C7FAC1AA8273A009B2A23 /* GTFSStopTime.m */; };
		F41C7FC11AA8273A009B2A23 /* GTFSTrip.m in Sources */ = {isa = PBXBuildFile; fileRef = F41C7FAE1AA8273A009B2A23 /* GTFSTrip.m */; };
		F41C7FC51AA82C19009B2A23 /* GTFSUnarchiver.m in Sources */ = {isa = PBXBuildFile; fileRef = F41C7FC41AA82C19009B2A23 /* GTFSUnarchiver.m */; };
		F42CE9BA1AB14D6200D23186 /* WebViewController.swift in Sources */ = {isa = PBXBuildFile; fileRef = F42CE9B91AB14D6200D23186 /* WebViewController.swift */; };
		F42CE9BC1AB14D8800D23186 /* AboutTableViewController.swift in Sources */ = {isa = PBXBuildFile; fileRef = F42CE9BB1AB14D8800D23186 /* AboutTableViewController.swift */; };
		F42CE9C21AB17FE700D23186 /* UIImage+Extras.swift in Sources */ = {isa = PBXBuildFile; fileRef = F42CE9C11AB17FE700D23186 /* UIImage+Extras.swift */; };
		F42FD9961AAD771B0027DAEE /* RealtimeBuses.swift in Sources */ = {isa = PBXBuildFile; fileRef = F42FD9951AAD771B0027DAEE /* RealtimeBuses.swift */; };
		F42FD9981AAD77C20027DAEE /* RealtimeBus.swift in Sources */ = {isa = PBXBuildFile; fileRef = F42FD9971AAD77C20027DAEE /* RealtimeBus.swift */; };
		F42FD99A1AAD77F50027DAEE /* Route.swift in Sources */ = {isa = PBXBuildFile; fileRef = F42FD9991AAD77F50027DAEE /* Route.swift */; };
		F42FD99C1AB00DFF0027DAEE /* RealtimeBusAnnotationView.swift in Sources */ = {isa = PBXBuildFile; fileRef = F42FD99B1AB00DFF0027DAEE /* RealtimeBusAnnotationView.swift */; };
		F42FD99E1AB00F0E0027DAEE /* RealtimeBusAnnotation.swift in Sources */ = {isa = PBXBuildFile; fileRef = F42FD99D1AB00F0E0027DAEE /* RealtimeBusAnnotation.swift */; };
		F48A7B4C1AA77C85001623EF /* UIColor+Extras.swift in Sources */ = {isa = PBXBuildFile; fileRef = F48A7B4B1AA77C85001623EF /* UIColor+Extras.swift */; };
		F4CF5A071AA8413200F92BE2 /* agency.txt in Resources */ = {isa = PBXBuildFile; fileRef = F4CF5A001AA8413200F92BE2 /* agency.txt */; };
		F4CF5A081AA8413200F92BE2 /* calendar_dates.txt in Resources */ = {isa = PBXBuildFile; fileRef = F4CF5A011AA8413200F92BE2 /* calendar_dates.txt */; };
		F4CF5A091AA8413200F92BE2 /* routes.txt in Resources */ = {isa = PBXBuildFile; fileRef = F4CF5A021AA8413200F92BE2 /* routes.txt */; };
		F4CF5A0A1AA8413200F92BE2 /* shapes.txt in Resources */ = {isa = PBXBuildFile; fileRef = F4CF5A031AA8413200F92BE2 /* shapes.txt */; };
		F4CF5A0B1AA8413200F92BE2 /* stop_times.txt in Resources */ = {isa = PBXBuildFile; fileRef = F4CF5A041AA8413200F92BE2 /* stop_times.txt */; };
		F4CF5A0C1AA8413200F92BE2 /* stops.txt in Resources */ = {isa = PBXBuildFile; fileRef = F4CF5A051AA8413200F92BE2 /* stops.txt */; };
		F4CF5A0D1AA8413200F92BE2 /* trips.txt in Resources */ = {isa = PBXBuildFile; fileRef = F4CF5A061AA8413200F92BE2 /* trips.txt */; };
		F4CF5A121AA842D500F92BE2 /* gtfs.db in Resources */ = {isa = PBXBuildFile; fileRef = F4CF5A111AA842D500F92BE2 /* gtfs.db */; };
		F4CF5A141AA8ECA700F92BE2 /* StopTimeTableViewCell.swift in Sources */ = {isa = PBXBuildFile; fileRef = F4CF5A131AA8ECA700F92BE2 /* StopTimeTableViewCell.swift */; };
		F4F61E1A1AA41498009377CE /* AppDelegate.swift in Sources */ = {isa = PBXBuildFile; fileRef = F4F61E191AA41498009377CE /* AppDelegate.swift */; };
		F4F61E1D1AA41498009377CE /* Marguerite.xcdatamodeld in Sources */ = {isa = PBXBuildFile; fileRef = F4F61E1B1AA41498009377CE /* Marguerite.xcdatamodeld */; };
		F4F61E221AA41498009377CE /* Main.storyboard in Resources */ = {isa = PBXBuildFile; fileRef = F4F61E201AA41498009377CE /* Main.storyboard */; };
		F4F61E241AA41498009377CE /* Images.xcassets in Resources */ = {isa = PBXBuildFile; fileRef = F4F61E231AA41498009377CE /* Images.xcassets */; };
		F4F61E441AA41C21009377CE /* NextShuttleViewController.swift in Sources */ = {isa = PBXBuildFile; fileRef = F4F61E431AA41C21009377CE /* NextShuttleViewController.swift */; };
		F4F61E481AA420C9009377CE /* Stop.swift in Sources */ = {isa = PBXBuildFile; fileRef = F4F61E471AA420C9009377CE /* Stop.swift */; };
		F4F61E4A1AA42CA0009377CE /* GTFSDatabase.swift in Sources */ = {isa = PBXBuildFile; fileRef = F4F61E491AA42CA0009377CE /* GTFSDatabase.swift */; };
		F4F61E5D1AA515D7009377CE /* CoreLocationController.swift in Sources */ = {isa = PBXBuildFile; fileRef = F4F61E5C1AA515D7009377CE /* CoreLocationController.swift */; };
		F4F61E5F1AA53FDB009377CE /* NextShuttleSplitViewController.swift in Sources */ = {isa = PBXBuildFile; fileRef = F4F61E5E1AA53FDB009377CE /* NextShuttleSplitViewController.swift */; };
		F4F61E611AA6E615009377CE /* LiveMapViewController.swift in Sources */ = {isa = PBXBuildFile; fileRef = F4F61E601AA6E615009377CE /* LiveMapViewController.swift */; };
		F4F61E631AA6E768009377CE /* LiveMapView.swift in Sources */ = {isa = PBXBuildFile; fileRef = F4F61E621AA6E768009377CE /* LiveMapView.swift */; };
		F4F61E671AA6F89A009377CE /* StopTime.swift in Sources */ = {isa = PBXBuildFile; fileRef = F4F61E661AA6F89A009377CE /* StopTime.swift */; };
		F4F61E691AA6FA4A009377CE /* TableSection.swift in Sources */ = {isa = PBXBuildFile; fileRef = F4F61E681AA6FA4A009377CE /* TableSection.swift */; };
		F4F61E6A1AA76F86009377CE /* StopViewController.swift in Sources */ = {isa = PBXBuildFile; fileRef = F4F61E641AA6F501009377CE /* StopViewController.swift */; };
/* End PBXBuildFile section */

/* Begin PBXFileReference section */
		8B5D0249E03FE918B9CB0026 /* Pods-Marguerite.release.xcconfig */ = {isa = PBXFileReference; includeInIndex = 1; lastKnownFileType = text.xcconfig; name = "Pods-Marguerite.release.xcconfig"; path = "Pods/Target Support Files/Pods-Marguerite/Pods-Marguerite.release.xcconfig"; sourceTree = "<group>"; };
		C6D8696DDAE08EDF584D86EC /* libPods-Marguerite.a */ = {isa = PBXFileReference; explicitFileType = archive.ar; includeInIndex = 0; path = "libPods-Marguerite.a"; sourceTree = BUILT_PRODUCTS_DIR; };
		DA9CE9FDC8DA518A8547B179 /* Pods-Marguerite.debug.xcconfig */ = {isa = PBXFileReference; includeInIndex = 1; lastKnownFileType = text.xcconfig; name = "Pods-Marguerite.debug.xcconfig"; path = "Pods/Target Support Files/Pods-Marguerite/Pods-Marguerite.debug.xcconfig"; sourceTree = "<group>"; };
		F41C7F891AA8273A009B2A23 /* GTFSImporter.h */ = {isa = PBXFileReference; fileEncoding = 4; lastKnownFileType = sourcecode.c.h; path = GTFSImporter.h; sourceTree = "<group>"; };
		F41C7F8A1AA8273A009B2A23 /* GTFSImporter.m */ = {isa = PBXFileReference; fileEncoding = 4; lastKnownFileType = sourcecode.c.objc; path = GTFSImporter.m; sourceTree = "<group>"; };
		F41C7F8D1AA8273A009B2A23 /* CSVParser.h */ = {isa = PBXFileReference; fileEncoding = 4; lastKnownFileType = sourcecode.c.h; path = CSVParser.h; sourceTree = "<group>"; };
		F41C7F8E1AA8273A009B2A23 /* CSVParser.m */ = {isa = PBXFileReference; fileEncoding = 4; lastKnownFileType = sourcecode.c.objc; path = CSVParser.m; sourceTree = "<group>"; };
		F41C7F9B1AA8273A009B2A23 /* GTFSAgency.h */ = {isa = PBXFileReference; fileEncoding = 4; lastKnownFileType = sourcecode.c.h; path = GTFSAgency.h; sourceTree = "<group>"; };
		F41C7F9C1AA8273A009B2A23 /* GTFSAgency.m */ = {isa = PBXFileReference; fileEncoding = 4; lastKnownFileType = sourcecode.c.objc; path = GTFSAgency.m; sourceTree = "<group>"; };
		F41C7F9D1AA8273A009B2A23 /* GTFSCalendar.h */ = {isa = PBXFileReference; fileEncoding = 4; lastKnownFileType = sourcecode.c.h; path = GTFSCalendar.h; sourceTree = "<group>"; };
		F41C7F9E1AA8273A009B2A23 /* GTFSCalendar.m */ = {isa = PBXFileReference; fileEncoding = 4; lastKnownFileType = sourcecode.c.objc; path = GTFSCalendar.m; sourceTree = "<group>"; };
		F41C7F9F1AA8273A009B2A23 /* GTFSCalendarDate.h */ = {isa = PBXFileReference; fileEncoding = 4; lastKnownFileType = sourcecode.c.h; path = GTFSCalendarDate.h; sourceTree = "<group>"; };
		F41C7FA01AA8273A009B2A23 /* GTFSCalendarDate.m */ = {isa = PBXFileReference; fileEncoding = 4; lastKnownFileType = sourcecode.c.objc; path = GTFSCalendarDate.m; sourceTree = "<group>"; };
		F41C7FA11AA8273A009B2A23 /* GTFSFareAttributes.h */ = {isa = PBXFileReference; fileEncoding = 4; lastKnownFileType = sourcecode.c.h; path = GTFSFareAttributes.h; sourceTree = "<group>"; };
		F41C7FA21AA8273A009B2A23 /* GTFSFareAttributes.m */ = {isa = PBXFileReference; fileEncoding = 4; lastKnownFileType = sourcecode.c.objc; path = GTFSFareAttributes.m; sourceTree = "<group>"; };
		F41C7FA31AA8273A009B2A23 /* GTFSFareRules.h */ = {isa = PBXFileReference; fileEncoding = 4; lastKnownFileType = sourcecode.c.h; path = GTFSFareRules.h; sourceTree = "<group>"; };
		F41C7FA41AA8273A009B2A23 /* GTFSFareRules.m */ = {isa = PBXFileReference; fileEncoding = 4; lastKnownFileType = sourcecode.c.objc; path = GTFSFareRules.m; sourceTree = "<group>"; };
		F41C7FA51AA8273A009B2A23 /* GTFSRoute.h */ = {isa = PBXFileReference; fileEncoding = 4; lastKnownFileType = sourcecode.c.h; path = GTFSRoute.h; sourceTree = "<group>"; };
		F41C7FA61AA8273A009B2A23 /* GTFSRoute.m */ = {isa = PBXFileReference; fileEncoding = 4; lastKnownFileType = sourcecode.c.objc; path = GTFSRoute.m; sourceTree = "<group>"; };
		F41C7FA71AA8273A009B2A23 /* GTFSShape.h */ = {isa = PBXFileReference; fileEncoding = 4; lastKnownFileType = sourcecode.c.h; path = GTFSShape.h; sourceTree = "<group>"; };
		F41C7FA81AA8273A009B2A23 /* GTFSShape.m */ = {isa = PBXFileReference; fileEncoding = 4; lastKnownFileType = sourcecode.c.objc; path = GTFSShape.m; sourceTree = "<group>"; };
		F41C7FA91AA8273A009B2A23 /* GTFSStop.h */ = {isa = PBXFileReference; fileEncoding = 4; lastKnownFileType = sourcecode.c.h; path = GTFSStop.h; sourceTree = "<group>"; };
		F41C7FAA1AA8273A009B2A23 /* GTFSStop.m */ = {isa = PBXFileReference; fileEncoding = 4; lastKnownFileType = sourcecode.c.objc; path = GTFSStop.m; sourceTree = "<group>"; };
		F41C7FAB1AA8273A009B2A23 /* GTFSStopTime.h */ = {isa = PBXFileReference; fileEncoding = 4; lastKnownFileType = sourcecode.c.h; path = GTFSStopTime.h; sourceTree = "<group>"; };
		F41C7FAC1AA8273A009B2A23 /* GTFSStopTime.m */ = {isa = PBXFileReference; fileEncoding = 4; lastKnownFileType = sourcecode.c.objc; path = GTFSStopTime.m; sourceTree = "<group>"; };
		F41C7FAD1AA8273A009B2A23 /* GTFSTrip.h */ = {isa = PBXFileReference; fileEncoding = 4; lastKnownFileType = sourcecode.c.h; path = GTFSTrip.h; sourceTree = "<group>"; };
		F41C7FAE1AA8273A009B2A23 /* GTFSTrip.m */ = {isa = PBXFileReference; fileEncoding = 4; lastKnownFileType = sourcecode.c.objc; path = GTFSTrip.m; sourceTree = "<group>"; };
		F41C7FC31AA82C19009B2A23 /* GTFSUnarchiver.h */ = {isa = PBXFileReference; fileEncoding = 4; lastKnownFileType = sourcecode.c.h; path = GTFSUnarchiver.h; sourceTree = "<group>"; };
		F41C7FC41AA82C19009B2A23 /* GTFSUnarchiver.m */ = {isa = PBXFileReference; fileEncoding = 4; lastKnownFileType = sourcecode.c.objc; path = GTFSUnarchiver.m; sourceTree = "<group>"; };
		F42CE9B91AB14D6200D23186 /* WebViewController.swift */ = {isa = PBXFileReference; fileEncoding = 4; lastKnownFileType = sourcecode.swift; path = WebViewController.swift; sourceTree = "<group>"; };
		F42CE9BB1AB14D8800D23186 /* AboutTableViewController.swift */ = {isa = PBXFileReference; fileEncoding = 4; lastKnownFileType = sourcecode.swift; path = AboutTableViewController.swift; sourceTree = "<group>"; };
		F42CE9C11AB17FE700D23186 /* UIImage+Extras.swift */ = {isa = PBXFileReference; fileEncoding = 4; lastKnownFileType = sourcecode.swift; path = "UIImage+Extras.swift"; sourceTree = "<group>"; };
		F42FD9951AAD771B0027DAEE /* RealtimeBuses.swift */ = {isa = PBXFileReference; fileEncoding = 4; lastKnownFileType = sourcecode.swift; path = RealtimeBuses.swift; sourceTree = "<group>"; };
		F42FD9971AAD77C20027DAEE /* RealtimeBus.swift */ = {isa = PBXFileReference; fileEncoding = 4; lastKnownFileType = sourcecode.swift; path = RealtimeBus.swift; sourceTree = "<group>"; };
		F42FD9991AAD77F50027DAEE /* Route.swift */ = {isa = PBXFileReference; fileEncoding = 4; lastKnownFileType = sourcecode.swift; path = Route.swift; sourceTree = "<group>"; };
		F42FD99B1AB00DFF0027DAEE /* RealtimeBusAnnotationView.swift */ = {isa = PBXFileReference; fileEncoding = 4; lastKnownFileType = sourcecode.swift; path = RealtimeBusAnnotationView.swift; sourceTree = "<group>"; };
		F42FD99D1AB00F0E0027DAEE /* RealtimeBusAnnotation.swift */ = {isa = PBXFileReference; fileEncoding = 4; lastKnownFileType = sourcecode.swift; path = RealtimeBusAnnotation.swift; sourceTree = "<group>"; };
		F48A7B4B1AA77C85001623EF /* UIColor+Extras.swift */ = {isa = PBXFileReference; fileEncoding = 4; lastKnownFileType = sourcecode.swift; path = "UIColor+Extras.swift"; sourceTree = "<group>"; };
		F4CF5A001AA8413200F92BE2 /* agency.txt */ = {isa = PBXFileReference; fileEncoding = 4; lastKnownFileType = text; name = agency.txt; path = gtfs/agency.txt; sourceTree = SOURCE_ROOT; };
		F4CF5A011AA8413200F92BE2 /* calendar_dates.txt */ = {isa = PBXFileReference; fileEncoding = 4; lastKnownFileType = text; name = calendar_dates.txt; path = gtfs/calendar_dates.txt; sourceTree = SOURCE_ROOT; };
		F4CF5A021AA8413200F92BE2 /* routes.txt */ = {isa = PBXFileReference; fileEncoding = 4; lastKnownFileType = text; name = routes.txt; path = gtfs/routes.txt; sourceTree = SOURCE_ROOT; };
		F4CF5A031AA8413200F92BE2 /* shapes.txt */ = {isa = PBXFileReference; fileEncoding = 4; lastKnownFileType = text; name = shapes.txt; path = gtfs/shapes.txt; sourceTree = SOURCE_ROOT; };
		F4CF5A041AA8413200F92BE2 /* stop_times.txt */ = {isa = PBXFileReference; fileEncoding = 4; lastKnownFileType = text; name = stop_times.txt; path = gtfs/stop_times.txt; sourceTree = SOURCE_ROOT; };
		F4CF5A051AA8413200F92BE2 /* stops.txt */ = {isa = PBXFileReference; fileEncoding = 4; lastKnownFileType = text; name = stops.txt; path = gtfs/stops.txt; sourceTree = SOURCE_ROOT; };
		F4CF5A061AA8413200F92BE2 /* trips.txt */ = {isa = PBXFileReference; fileEncoding = 4; lastKnownFileType = text; name = trips.txt; path = gtfs/trips.txt; sourceTree = SOURCE_ROOT; };
		F4CF5A111AA842D500F92BE2 /* gtfs.db */ = {isa = PBXFileReference; lastKnownFileType = file; name = gtfs.db; path = gtfs/gtfs.db; sourceTree = SOURCE_ROOT; };
		F4CF5A131AA8ECA700F92BE2 /* StopTimeTableViewCell.swift */ = {isa = PBXFileReference; fileEncoding = 4; lastKnownFileType = sourcecode.swift; path = StopTimeTableViewCell.swift; sourceTree = "<group>"; };
		F4F61E141AA41498009377CE /* Marguerite.app */ = {isa = PBXFileReference; explicitFileType = wrapper.application; includeInIndex = 0; path = Marguerite.app; sourceTree = BUILT_PRODUCTS_DIR; };
		F4F61E181AA41498009377CE /* Info.plist */ = {isa = PBXFileReference; lastKnownFileType = text.plist.xml; path = Info.plist; sourceTree = "<group>"; };
		F4F61E191AA41498009377CE /* AppDelegate.swift */ = {isa = PBXFileReference; lastKnownFileType = sourcecode.swift; path = AppDelegate.swift; sourceTree = "<group>"; };
		F4F61E1C1AA41498009377CE /* Marguerite.xcdatamodel */ = {isa = PBXFileReference; lastKnownFileType = wrapper.xcdatamodel; path = Marguerite.xcdatamodel; sourceTree = "<group>"; };
		F4F61E211AA41498009377CE /* Base */ = {isa = PBXFileReference; lastKnownFileType = file.storyboard; name = Base; path = Base.lproj/Main.storyboard; sourceTree = "<group>"; };
		F4F61E231AA41498009377CE /* Images.xcassets */ = {isa = PBXFileReference; lastKnownFileType = folder.assetcatalog; path = Images.xcassets; sourceTree = "<group>"; };
		F4F61E401AA41A61009377CE /* Marguerite-Bridging-Header.h */ = {isa = PBXFileReference; fileEncoding = 4; lastKnownFileType = sourcecode.c.h; path = "Marguerite-Bridging-Header.h"; sourceTree = "<group>"; };
		F4F61E431AA41C21009377CE /* NextShuttleViewController.swift */ = {isa = PBXFileReference; fileEncoding = 4; lastKnownFileType = sourcecode.swift; path = NextShuttleViewController.swift; sourceTree = "<group>"; };
		F4F61E471AA420C9009377CE /* Stop.swift */ = {isa = PBXFileReference; fileEncoding = 4; lastKnownFileType = sourcecode.swift; path = Stop.swift; sourceTree = "<group>"; };
		F4F61E491AA42CA0009377CE /* GTFSDatabase.swift */ = {isa = PBXFileReference; fileEncoding = 4; lastKnownFileType = sourcecode.swift; path = GTFSDatabase.swift; sourceTree = "<group>"; };
		F4F61E5C1AA515D7009377CE /* CoreLocationController.swift */ = {isa = PBXFileReference; fileEncoding = 4; lastKnownFileType = sourcecode.swift; path = CoreLocationController.swift; sourceTree = "<group>"; };
		F4F61E5E1AA53FDB009377CE /* NextShuttleSplitViewController.swift */ = {isa = PBXFileReference; fileEncoding = 4; lastKnownFileType = sourcecode.swift; path = NextShuttleSplitViewController.swift; sourceTree = "<group>"; };
		F4F61E601AA6E615009377CE /* LiveMapViewController.swift */ = {isa = PBXFileReference; fileEncoding = 4; lastKnownFileType = sourcecode.swift; path = LiveMapViewController.swift; sourceTree = "<group>"; };
		F4F61E621AA6E768009377CE /* LiveMapView.swift */ = {isa = PBXFileReference; fileEncoding = 4; lastKnownFileType = sourcecode.swift; path = LiveMapView.swift; sourceTree = "<group>"; };
		F4F61E641AA6F501009377CE /* StopViewController.swift */ = {isa = PBXFileReference; fileEncoding = 4; lastKnownFileType = sourcecode.swift; path = StopViewController.swift; sourceTree = "<group>"; };
		F4F61E661AA6F89A009377CE /* StopTime.swift */ = {isa = PBXFileReference; fileEncoding = 4; lastKnownFileType = sourcecode.swift; path = StopTime.swift; sourceTree = "<group>"; };
		F4F61E681AA6FA4A009377CE /* TableSection.swift */ = {isa = PBXFileReference; fileEncoding = 4; lastKnownFileType = sourcecode.swift; path = TableSection.swift; sourceTree = "<group>"; };
/* End PBXFileReference section */

/* Begin PBXFrameworksBuildPhase section */
		F4F61E111AA41498009377CE /* Frameworks */ = {
			isa = PBXFrameworksBuildPhase;
			buildActionMask = 2147483647;
			files = (
				DAFA4465FC1F6A7992D43A03 /* libPods-Marguerite.a in Frameworks */,
			);
			runOnlyForDeploymentPostprocessing = 0;
		};
/* End PBXFrameworksBuildPhase section */

/* Begin PBXGroup section */
		ABE031DDE312B3CB58532212 /* Pods */ = {
			isa = PBXGroup;
			children = (
				DA9CE9FDC8DA518A8547B179 /* Pods-Marguerite.debug.xcconfig */,
				8B5D0249E03FE918B9CB0026 /* Pods-Marguerite.release.xcconfig */,
			);
			name = Pods;
			sourceTree = "<group>";
		};
		DE3E190077D2E64C9B2369C6 /* Frameworks */ = {
			isa = PBXGroup;
			children = (
				C6D8696DDAE08EDF584D86EC /* libPods-Marguerite.a */,
			);
			name = Frameworks;
			sourceTree = "<group>";
		};
		F41C7F871AA8273A009B2A23 /* libraries */ = {
			isa = PBXGroup;
			children = (
				F41C7F881AA8273A009B2A23 /* GTFSImporter */,
			);
			name = libraries;
			path = ../libraries;
			sourceTree = "<group>";
		};
		F41C7F881AA8273A009B2A23 /* GTFSImporter */ = {
			isa = PBXGroup;
			children = (
				F41C7FC31AA82C19009B2A23 /* GTFSUnarchiver.h */,
				F41C7FC41AA82C19009B2A23 /* GTFSUnarchiver.m */,
				F41C7F891AA8273A009B2A23 /* GTFSImporter.h */,
				F41C7F8A1AA8273A009B2A23 /* GTFSImporter.m */,
				F41C7F8C1AA8273A009B2A23 /* CSVParser */,
				F41C7F9A1AA8273A009B2A23 /* Model */,
			);
			path = GTFSImporter;
			sourceTree = "<group>";
		};
		F41C7F8C1AA8273A009B2A23 /* CSVParser */ = {
			isa = PBXGroup;
			children = (
				F41C7F8D1AA8273A009B2A23 /* CSVParser.h */,
				F41C7F8E1AA8273A009B2A23 /* CSVParser.m */,
			);
			name = CSVParser;
			path = Libraries/CSVParser;
			sourceTree = "<group>";
		};
		F41C7F9A1AA8273A009B2A23 /* Model */ = {
			isa = PBXGroup;
			children = (
				F41C7F9B1AA8273A009B2A23 /* GTFSAgency.h */,
				F41C7F9C1AA8273A009B2A23 /* GTFSAgency.m */,
				F41C7F9D1AA8273A009B2A23 /* GTFSCalendar.h */,
				F41C7F9E1AA8273A009B2A23 /* GTFSCalendar.m */,
				F41C7F9F1AA8273A009B2A23 /* GTFSCalendarDate.h */,
				F41C7FA01AA8273A009B2A23 /* GTFSCalendarDate.m */,
				F41C7FA11AA8273A009B2A23 /* GTFSFareAttributes.h */,
				F41C7FA21AA8273A009B2A23 /* GTFSFareAttributes.m */,
				F41C7FA31AA8273A009B2A23 /* GTFSFareRules.h */,
				F41C7FA41AA8273A009B2A23 /* GTFSFareRules.m */,
				F41C7FA51AA8273A009B2A23 /* GTFSRoute.h */,
				F41C7FA61AA8273A009B2A23 /* GTFSRoute.m */,
				F41C7FA71AA8273A009B2A23 /* GTFSShape.h */,
				F41C7FA81AA8273A009B2A23 /* GTFSShape.m */,
				F41C7FA91AA8273A009B2A23 /* GTFSStop.h */,
				F41C7FAA1AA8273A009B2A23 /* GTFSStop.m */,
				F41C7FAB1AA8273A009B2A23 /* GTFSStopTime.h */,
				F41C7FAC1AA8273A009B2A23 /* GTFSStopTime.m */,
				F41C7FAD1AA8273A009B2A23 /* GTFSTrip.h */,
				F41C7FAE1AA8273A009B2A23 /* GTFSTrip.m */,
			);
			path = Model;
			sourceTree = "<group>";
		};
		F4F61E0B1AA41498009377CE = {
			isa = PBXGroup;
			children = (
				F4F61E161AA41498009377CE /* Marguerite */,
				F4F61E151AA41498009377CE /* Products */,
				ABE031DDE312B3CB58532212 /* Pods */,
				DE3E190077D2E64C9B2369C6 /* Frameworks */,
			);
			sourceTree = "<group>";
		};
		F4F61E151AA41498009377CE /* Products */ = {
			isa = PBXGroup;
			children = (
				F4F61E141AA41498009377CE /* Marguerite.app */,
			);
			name = Products;
			sourceTree = "<group>";
		};
		F4F61E161AA41498009377CE /* Marguerite */ = {
			isa = PBXGroup;
			children = (
				F4F61E681AA6FA4A009377CE /* TableSection.swift */,
				F4F61E5E1AA53FDB009377CE /* NextShuttleSplitViewController.swift */,
				F4F61E431AA41C21009377CE /* NextShuttleViewController.swift */,
				F4F61E5C1AA515D7009377CE /* CoreLocationController.swift */,
				F4F61E641AA6F501009377CE /* StopViewController.swift */,
				F4CF5A131AA8ECA700F92BE2 /* StopTimeTableViewCell.swift */,
				F4F61E471AA420C9009377CE /* Stop.swift */,
				F4F61E661AA6F89A009377CE /* StopTime.swift */,
				F4F61E601AA6E615009377CE /* LiveMapViewController.swift */,
				F4F61E621AA6E768009377CE /* LiveMapView.swift */,
				F42FD99D1AB00F0E0027DAEE /* RealtimeBusAnnotation.swift */,
				F42FD99B1AB00DFF0027DAEE /* RealtimeBusAnnotationView.swift */,
				F42FD9951AAD771B0027DAEE /* RealtimeBuses.swift */,
				F42FD9971AAD77C20027DAEE /* RealtimeBus.swift */,
				F42FD9991AAD77F50027DAEE /* Route.swift */,
				F4F61E491AA42CA0009377CE /* GTFSDatabase.swift */,
				F42CE9BB1AB14D8800D23186 /* AboutTableViewController.swift */,
				F42CE9B91AB14D6200D23186 /* WebViewController.swift */,
				F48A7B4B1AA77C85001623EF /* UIColor+Extras.swift */,
				F42CE9C11AB17FE700D23186 /* UIImage+Extras.swift */,
				F4F61E201AA41498009377CE /* Main.storyboard */,
				F4F61E4B1AA44C1C009377CE /* gtfs */,
				F41C7F871AA8273A009B2A23 /* libraries */,
				F4F61E171AA41498009377CE /* Supporting Files */,
			);
			path = Marguerite;
			sourceTree = "<group>";
		};
		F4F61E171AA41498009377CE /* Supporting Files */ = {
			isa = PBXGroup;
			children = (
				F4F61E401AA41A61009377CE /* Marguerite-Bridging-Header.h */,
				F4F61E231AA41498009377CE /* Images.xcassets */,
				F4F61E1B1AA41498009377CE /* Marguerite.xcdatamodeld */,
				F4F61E191AA41498009377CE /* AppDelegate.swift */,
				F4F61E181AA41498009377CE /* Info.plist */,
			);
			name = "Supporting Files";
			sourceTree = "<group>";
		};
		F4F61E4B1AA44C1C009377CE /* gtfs */ = {
			isa = PBXGroup;
			children = (
				F4CF5A111AA842D500F92BE2 /* gtfs.db */,
				F4CF5A001AA8413200F92BE2 /* agency.txt */,
				F4CF5A011AA8413200F92BE2 /* calendar_dates.txt */,
				F4CF5A021AA8413200F92BE2 /* routes.txt */,
				F4CF5A031AA8413200F92BE2 /* shapes.txt */,
				F4CF5A041AA8413200F92BE2 /* stop_times.txt */,
				F4CF5A051AA8413200F92BE2 /* stops.txt */,
				F4CF5A061AA8413200F92BE2 /* trips.txt */,
			);
			path = gtfs;
			sourceTree = "<group>";
		};
/* End PBXGroup section */

/* Begin PBXNativeTarget section */
		F4F61E131AA41498009377CE /* Marguerite */ = {
			isa = PBXNativeTarget;
			buildConfigurationList = F4F61E361AA41499009377CE /* Build configuration list for PBXNativeTarget "Marguerite" */;
			buildPhases = (
				6550BC77C7F33947D65736A3 /* Check Pods Manifest.lock */,
				F4F61E101AA41498009377CE /* Sources */,
				F4F61E111AA41498009377CE /* Frameworks */,
				F4F61E121AA41498009377CE /* Resources */,
				D81A94D7BDB4536844F9262E /* Copy Pods Resources */,
			);
			buildRules = (
			);
			dependencies = (
			);
			name = Marguerite;
			productName = Marguerite;
			productReference = F4F61E141AA41498009377CE /* Marguerite.app */;
			productType = "com.apple.product-type.application";
		};
/* End PBXNativeTarget section */

/* Begin PBXProject section */
		F4F61E0C1AA41498009377CE /* Project object */ = {
			isa = PBXProject;
			attributes = {
				LastUpgradeCheck = 0610;
				ORGANIZATIONNAME = "Kevin Conley";
				TargetAttributes = {
					F4F61E131AA41498009377CE = {
						CreatedOnToolsVersion = 6.1.1;
					};
				};
			};
			buildConfigurationList = F4F61E0F1AA41498009377CE /* Build configuration list for PBXProject "Marguerite" */;
			compatibilityVersion = "Xcode 3.2";
			developmentRegion = English;
			hasScannedForEncodings = 0;
			knownRegions = (
				en,
				Base,
			);
			mainGroup = F4F61E0B1AA41498009377CE;
			productRefGroup = F4F61E151AA41498009377CE /* Products */;
			projectDirPath = "";
			projectRoot = "";
			targets = (
				F4F61E131AA41498009377CE /* Marguerite */,
			);
		};
/* End PBXProject section */

/* Begin PBXResourcesBuildPhase section */
		F4F61E121AA41498009377CE /* Resources */ = {
			isa = PBXResourcesBuildPhase;
			buildActionMask = 2147483647;
			files = (
				F4F61E221AA41498009377CE /* Main.storyboard in Resources */,
				F4CF5A0C1AA8413200F92BE2 /* stops.txt in Resources */,
				F4CF5A081AA8413200F92BE2 /* calendar_dates.txt in Resources */,
				F4CF5A0D1AA8413200F92BE2 /* trips.txt in Resources */,
				F4CF5A091AA8413200F92BE2 /* routes.txt in Resources */,
				F4CF5A0B1AA8413200F92BE2 /* stop_times.txt in Resources */,
				F4F61E241AA41498009377CE /* Images.xcassets in Resources */,
				F4CF5A0A1AA8413200F92BE2 /* shapes.txt in Resources */,
				F4CF5A071AA8413200F92BE2 /* agency.txt in Resources */,
				F4CF5A121AA842D500F92BE2 /* gtfs.db in Resources */,
			);
			runOnlyForDeploymentPostprocessing = 0;
		};
/* End PBXResourcesBuildPhase section */

/* Begin PBXShellScriptBuildPhase section */
		6550BC77C7F33947D65736A3 /* Check Pods Manifest.lock */ = {
			isa = PBXShellScriptBuildPhase;
			buildActionMask = 2147483647;
			files = (
			);
			inputPaths = (
			);
			name = "Check Pods Manifest.lock";
			outputPaths = (
			);
			runOnlyForDeploymentPostprocessing = 0;
			shellPath = /bin/sh;
			shellScript = "diff \"${PODS_ROOT}/../Podfile.lock\" \"${PODS_ROOT}/Manifest.lock\" > /dev/null\nif [[ $? != 0 ]] ; then\n    cat << EOM\nerror: The sandbox is not in sync with the Podfile.lock. Run 'pod install' or update your CocoaPods installation.\nEOM\n    exit 1\nfi\n";
			showEnvVarsInLog = 0;
		};
		D81A94D7BDB4536844F9262E /* Copy Pods Resources */ = {
			isa = PBXShellScriptBuildPhase;
			buildActionMask = 2147483647;
			files = (
			);
			inputPaths = (
			);
			name = "Copy Pods Resources";
			outputPaths = (
			);
			runOnlyForDeploymentPostprocessing = 0;
			shellPath = /bin/sh;
			shellScript = "\"${SRCROOT}/Pods/Target Support Files/Pods-Marguerite/Pods-Marguerite-resources.sh\"\n";
			showEnvVarsInLog = 0;
		};
/* End PBXShellScriptBuildPhase section */

/* Begin PBXSourcesBuildPhase section */
		F4F61E101AA41498009377CE /* Sources */ = {
			isa = PBXSourcesBuildPhase;
			buildActionMask = 2147483647;
			files = (
				F4F61E631AA6E768009377CE /* LiveMapView.swift in Sources */,
				F42CE9BA1AB14D6200D23186 /* WebViewController.swift in Sources */,
				F4F61E691AA6FA4A009377CE /* TableSection.swift in Sources */,
				F41C7FB11AA8273A009B2A23 /* GTFSImporter.m in Sources */,
				F42FD99A1AAD77F50027DAEE /* Route.swift in Sources */,
				F42FD9961AAD771B0027DAEE /* RealtimeBuses.swift in Sources */,
				F41C7FC51AA82C19009B2A23 /* GTFSUnarchiver.m in Sources */,
				F42FD9981AAD77C20027DAEE /* RealtimeBus.swift in Sources */,
				F41C7FBC1AA8273A009B2A23 /* GTFSFareRules.m in Sources */,
				F42CE9C21AB17FE700D23186 /* UIImage+Extras.swift in Sources */,
				F41C7FBA1AA8273A009B2A23 /* GTFSCalendarDate.m in Sources */,
				F4F61E441AA41C21009377CE /* NextShuttleViewController.swift in Sources */,
				F42CE9BC1AB14D8800D23186 /* AboutTableViewController.swift in Sources */,
				F41C7FBD1AA8273A009B2A23 /* GTFSRoute.m in Sources */,
				F41C7FB91AA8273A009B2A23 /* GTFSCalendar.m in Sources */,
				F4F61E1D1AA41498009377CE /* Marguerite.xcdatamodeld in Sources */,
				F4F61E4A1AA42CA0009377CE /* GTFSDatabase.swift in Sources */,
				F42FD99E1AB00F0E0027DAEE /* RealtimeBusAnnotation.swift in Sources */,
				F4F61E6A1AA76F86009377CE /* StopViewController.swift in Sources */,
				F41C7FB21AA8273A009B2A23 /* CSVParser.m in Sources */,
				F41C7FB81AA8273A009B2A23 /* GTFSAgency.m in Sources */,
				F41C7FBE1AA8273A009B2A23 /* GTFSShape.m in Sources */,
				F4F61E671AA6F89A009377CE /* StopTime.swift in Sources */,
				F48A7B4C1AA77C85001623EF /* UIColor+Extras.swift in Sources */,
				F4CF5A141AA8ECA700F92BE2 /* StopTimeTableViewCell.swift in Sources */,
				F4F61E611AA6E615009377CE /* LiveMapViewController.swift in Sources */,
				F41C7FBB1AA8273A009B2A23 /* GTFSFareAttributes.m in Sources */,
				F42FD99C1AB00DFF0027DAEE /* RealtimeBusAnnotationView.swift in Sources */,
				F41C7FC11AA8273A009B2A23 /* GTFSTrip.m in Sources */,
				F4F61E5F1AA53FDB009377CE /* NextShuttleSplitViewController.swift in Sources */,
				F4F61E5D1AA515D7009377CE /* CoreLocationController.swift in Sources */,
				F4F61E1A1AA41498009377CE /* AppDelegate.swift in Sources */,
				F41C7FC01AA8273A009B2A23 /* GTFSStopTime.m in Sources */,
				F4F61E481AA420C9009377CE /* Stop.swift in Sources */,
				F41C7FBF1AA8273A009B2A23 /* GTFSStop.m in Sources */,
			);
			runOnlyForDeploymentPostprocessing = 0;
		};
/* End PBXSourcesBuildPhase section */

/* Begin PBXVariantGroup section */
		F4F61E201AA41498009377CE /* Main.storyboard */ = {
			isa = PBXVariantGroup;
			children = (
				F4F61E211AA41498009377CE /* Base */,
			);
			name = Main.storyboard;
			sourceTree = "<group>";
		};
/* End PBXVariantGroup section */

/* Begin XCBuildConfiguration section */
		F4F61E341AA41499009377CE /* Debug */ = {
			isa = XCBuildConfiguration;
			buildSettings = {
				ALWAYS_SEARCH_USER_PATHS = NO;
				CLANG_CXX_LANGUAGE_STANDARD = "gnu++0x";
				CLANG_CXX_LIBRARY = "libc++";
				CLANG_ENABLE_MODULES = YES;
				CLANG_ENABLE_OBJC_ARC = YES;
				CLANG_WARN_BOOL_CONVERSION = YES;
				CLANG_WARN_CONSTANT_CONVERSION = YES;
				CLANG_WARN_DIRECT_OBJC_ISA_USAGE = YES_ERROR;
				CLANG_WARN_EMPTY_BODY = YES;
				CLANG_WARN_ENUM_CONVERSION = YES;
				CLANG_WARN_INT_CONVERSION = YES;
				CLANG_WARN_OBJC_ROOT_CLASS = YES_ERROR;
				CLANG_WARN_UNREACHABLE_CODE = YES;
				CLANG_WARN__DUPLICATE_METHOD_MATCH = YES;
				"CODE_SIGN_IDENTITY[sdk=iphoneos*]" = "iPhone Developer";
				COPY_PHASE_STRIP = NO;
				DEFINES_MODULE = YES;
				EMBEDDED_CONTENT_CONTAINS_SWIFT = YES;
				ENABLE_STRICT_OBJC_MSGSEND = YES;
				GCC_C_LANGUAGE_STANDARD = gnu99;
				GCC_DYNAMIC_NO_PIC = NO;
				GCC_OPTIMIZATION_LEVEL = 0;
				GCC_PREPROCESSOR_DEFINITIONS = (
					"DEBUG=1",
					"$(inherited)",
				);
				GCC_SYMBOLS_PRIVATE_EXTERN = NO;
				GCC_WARN_64_TO_32_BIT_CONVERSION = YES;
				GCC_WARN_ABOUT_RETURN_TYPE = YES_ERROR;
				GCC_WARN_UNDECLARED_SELECTOR = YES;
				GCC_WARN_UNINITIALIZED_AUTOS = YES_AGGRESSIVE;
				GCC_WARN_UNUSED_FUNCTION = YES;
				GCC_WARN_UNUSED_VARIABLE = YES;
				IPHONEOS_DEPLOYMENT_TARGET = 8.1;
				MTL_ENABLE_DEBUG_INFO = YES;
				ONLY_ACTIVE_ARCH = YES;
				SDKROOT = iphoneos;
				SWIFT_OBJC_BRIDGING_HEADER = "Marguerite/Marguerite-Bridging-Header.h";
				SWIFT_OPTIMIZATION_LEVEL = "-Onone";
				TARGETED_DEVICE_FAMILY = "1,2";
			};
			name = Debug;
		};
		F4F61E351AA41499009377CE /* Release */ = {
			isa = XCBuildConfiguration;
			buildSettings = {
				ALWAYS_SEARCH_USER_PATHS = NO;
				CLANG_CXX_LANGUAGE_STANDARD = "gnu++0x";
				CLANG_CXX_LIBRARY = "libc++";
				CLANG_ENABLE_MODULES = YES;
				CLANG_ENABLE_OBJC_ARC = YES;
				CLANG_WARN_BOOL_CONVERSION = YES;
				CLANG_WARN_CONSTANT_CONVERSION = YES;
				CLANG_WARN_DIRECT_OBJC_ISA_USAGE = YES_ERROR;
				CLANG_WARN_EMPTY_BODY = YES;
				CLANG_WARN_ENUM_CONVERSION = YES;
				CLANG_WARN_INT_CONVERSION = YES;
				CLANG_WARN_OBJC_ROOT_CLASS = YES_ERROR;
				CLANG_WARN_UNREACHABLE_CODE = YES;
				CLANG_WARN__DUPLICATE_METHOD_MATCH = YES;
				"CODE_SIGN_IDENTITY[sdk=iphoneos*]" = "iPhone Developer";
				COPY_PHASE_STRIP = YES;
				DEFINES_MODULE = YES;
				EMBEDDED_CONTENT_CONTAINS_SWIFT = YES;
				ENABLE_NS_ASSERTIONS = NO;
				ENABLE_STRICT_OBJC_MSGSEND = YES;
				GCC_C_LANGUAGE_STANDARD = gnu99;
				GCC_WARN_64_TO_32_BIT_CONVERSION = YES;
				GCC_WARN_ABOUT_RETURN_TYPE = YES_ERROR;
				GCC_WARN_UNDECLARED_SELECTOR = YES;
				GCC_WARN_UNINITIALIZED_AUTOS = YES_AGGRESSIVE;
				GCC_WARN_UNUSED_FUNCTION = YES;
				GCC_WARN_UNUSED_VARIABLE = YES;
				IPHONEOS_DEPLOYMENT_TARGET = 8.1;
				MTL_ENABLE_DEBUG_INFO = NO;
				SDKROOT = iphoneos;
				SWIFT_OBJC_BRIDGING_HEADER = "Marguerite/Marguerite-Bridging-Header.h";
				TARGETED_DEVICE_FAMILY = "1,2";
				VALIDATE_PRODUCT = YES;
			};
			name = Release;
		};
		F4F61E371AA41499009377CE /* Debug */ = {
			isa = XCBuildConfiguration;
			baseConfigurationReference = DA9CE9FDC8DA518A8547B179 /* Pods-Marguerite.debug.xcconfig */;
			buildSettings = {
				ASSETCATALOG_COMPILER_APPICON_NAME = AppIcon;
				ASSETCATALOG_COMPILER_LAUNCHIMAGE_NAME = LaunchImage;
				INFOPLIST_FILE = Marguerite/Info.plist;
				LD_RUNPATH_SEARCH_PATHS = "$(inherited) @executable_path/Frameworks";
				PRODUCT_NAME = "$(TARGET_NAME)";
			};
			name = Debug;
		};
		F4F61E381AA41499009377CE /* Release */ = {
			isa = XCBuildConfiguration;
			baseConfigurationReference = 8B5D0249E03FE918B9CB0026 /* Pods-Marguerite.release.xcconfig */;
			buildSettings = {
				ASSETCATALOG_COMPILER_APPICON_NAME = AppIcon;
				ASSETCATALOG_COMPILER_LAUNCHIMAGE_NAME = LaunchImage;
				INFOPLIST_FILE = Marguerite/Info.plist;
				LD_RUNPATH_SEARCH_PATHS = "$(inherited) @executable_path/Frameworks";
				PRODUCT_NAME = "$(TARGET_NAME)";
			};
			name = Release;
		};
/* End XCBuildConfiguration section */

/* Begin XCConfigurationList section */
		F4F61E0F1AA41498009377CE /* Build configuration list for PBXProject "Marguerite" */ = {
			isa = XCConfigurationList;
			buildConfigurations = (
				F4F61E341AA41499009377CE /* Debug */,
				F4F61E351AA41499009377CE /* Release */,
			);
			defaultConfigurationIsVisible = 0;
			defaultConfigurationName = Release;
		};
		F4F61E361AA41499009377CE /* Build configuration list for PBXNativeTarget "Marguerite" */ = {
			isa = XCConfigurationList;
			buildConfigurations = (
				F4F61E371AA41499009377CE /* Debug */,
				F4F61E381AA41499009377CE /* Release */,
			);
			defaultConfigurationIsVisible = 0;
			defaultConfigurationName = Release;
		};
/* End XCConfigurationList section */

/* Begin XCVersionGroup section */
		F4F61E1B1AA41498009377CE /* Marguerite.xcdatamodeld */ = {
			isa = XCVersionGroup;
			children = (
				F4F61E1C1AA41498009377CE /* Marguerite.xcdatamodel */,
			);
			currentVersion = F4F61E1C1AA41498009377CE /* Marguerite.xcdatamodel */;
			path = Marguerite.xcdatamodeld;
			sourceTree = "<group>";
			versionGroupType = wrapper.xcdatamodel;
		};
/* End XCVersionGroup section */
	};
	rootObject = F4F61E0C1AA41498009377CE /* Project object */;
}
