// !$*UTF8*$!
{
	archiveVersion = 1;
	classes = {
	};
	objectVersion = 46;
	objects = {

/* Begin PBXBuildFile section */
		626EE401911147B3A58D811C /* libPods.a in Frameworks */ = {isa = PBXBuildFile; fileRef = C74FC6596E0D4FE98CA124BB /* libPods.a */; };
		F410C5FF17EE1657005F0BB3 /* CoreFoundation.framework in Frameworks */ = {isa = PBXBuildFile; fileRef = F410C5FE17EE1657005F0BB3 /* CoreFoundation.framework */; };
		F410C60117EE167F005F0BB3 /* AudioToolbox.framework in Frameworks */ = {isa = PBXBuildFile; fileRef = F410C60017EE167F005F0BB3 /* AudioToolbox.framework */; };
		F410C60317EE1684005F0BB3 /* CoreTelephony.framework in Frameworks */ = {isa = PBXBuildFile; fileRef = F410C60217EE1684005F0BB3 /* CoreTelephony.framework */; };
		F41231CC17A397FB00604A02 /* AboutViewController.m in Sources */ = {isa = PBXBuildFile; fileRef = F41231CB17A397FB00604A02 /* AboutViewController.m */; };
		F412321E17A3DB1600604A02 /* stanford_s.png in Resources */ = {isa = PBXBuildFile; fileRef = F412321D17A3DB1600604A02 /* stanford_s.png */; };
		F413530B187D20E20070DD45 /* agency.txt in Resources */ = {isa = PBXBuildFile; fileRef = F4135304187D20E20070DD45 /* agency.txt */; };
		F413530C187D20E20070DD45 /* calendar_dates.txt in Resources */ = {isa = PBXBuildFile; fileRef = F4135305187D20E20070DD45 /* calendar_dates.txt */; };
		F413530D187D20E20070DD45 /* routes.txt in Resources */ = {isa = PBXBuildFile; fileRef = F4135306187D20E20070DD45 /* routes.txt */; };
		F413530E187D20E20070DD45 /* shapes.txt in Resources */ = {isa = PBXBuildFile; fileRef = F4135307187D20E20070DD45 /* shapes.txt */; };
		F413530F187D20E20070DD45 /* stop_times.txt in Resources */ = {isa = PBXBuildFile; fileRef = F4135308187D20E20070DD45 /* stop_times.txt */; };
		F4135310187D20E20070DD45 /* stops.txt in Resources */ = {isa = PBXBuildFile; fileRef = F4135309187D20E20070DD45 /* stops.txt */; };
		F4135311187D20E20070DD45 /* trips.txt in Resources */ = {isa = PBXBuildFile; fileRef = F413530A187D20E20070DD45 /* trips.txt */; };
		F4135313187D22460070DD45 /* gtfs.db in Resources */ = {isa = PBXBuildFile; fileRef = F4135312187D22460070DD45 /* gtfs.db */; };
		F41938AB17A3E4480056F598 /* InfoPlist.strings in Resources */ = {isa = PBXBuildFile; fileRef = F41938A717A3E4480056F598 /* InfoPlist.strings */; };
		F41938AC17A3E4480056F598 /* MainStoryboard_iPhone.storyboard in Resources */ = {isa = PBXBuildFile; fileRef = F41938A917A3E4480056F598 /* MainStoryboard_iPhone.storyboard */; };
		F45145EC18387363000D6E7F /* 1050A.png in Resources */ = {isa = PBXBuildFile; fileRef = F45145D218387363000D6E7F /* 1050A.png */; };
		F45145ED18387363000D6E7F /* AWE.png in Resources */ = {isa = PBXBuildFile; fileRef = F45145D318387363000D6E7F /* AWE.png */; };
		F45145EE18387363000D6E7F /* BOH.png in Resources */ = {isa = PBXBuildFile; fileRef = F45145D418387363000D6E7F /* BOH.png */; };
		F45145EF18387363000D6E7F /* C-LIM.png in Resources */ = {isa = PBXBuildFile; fileRef = F45145D518387363000D6E7F /* C-LIM.png */; };
		F45145F018387363000D6E7F /* C.png in Resources */ = {isa = PBXBuildFile; fileRef = F45145D618387363000D6E7F /* C.png */; };
		F45145F118387363000D6E7F /* EB-EX.png in Resources */ = {isa = PBXBuildFile; fileRef = F45145D718387363000D6E7F /* EB-EX.png */; };
		F45145F218387363000D6E7F /* H.png in Resources */ = {isa = PBXBuildFile; fileRef = F45145D818387363000D6E7F /* H.png */; };
		F45145F318387363000D6E7F /* MC-DIR.png in Resources */ = {isa = PBXBuildFile; fileRef = F45145D918387363000D6E7F /* MC-DIR.png */; };
		F45145F418387363000D6E7F /* MC-HOL.png in Resources */ = {isa = PBXBuildFile; fileRef = F45145DA18387363000D6E7F /* MC-HOL.png */; };
		F45145F518387363000D6E7F /* MC.png in Resources */ = {isa = PBXBuildFile; fileRef = F45145DB18387363000D6E7F /* MC.png */; };
		F45145F618387363000D6E7F /* N.png in Resources */ = {isa = PBXBuildFile; fileRef = F45145DC18387363000D6E7F /* N.png */; };
		F45145F718387363000D6E7F /* O.png in Resources */ = {isa = PBXBuildFile; fileRef = F45145DD18387363000D6E7F /* O.png */; };
		F45145F818387363000D6E7F /* OCA.png in Resources */ = {isa = PBXBuildFile; fileRef = F45145DE18387363000D6E7F /* OCA.png */; };
		F45145F918387363000D6E7F /* P.png in Resources */ = {isa = PBXBuildFile; fileRef = F45145DF18387363000D6E7F /* P.png */; };
		F45145FA18387363000D6E7F /* RP.png in Resources */ = {isa = PBXBuildFile; fileRef = F45145E018387363000D6E7F /* RP.png */; };
		F45145FB18387363000D6E7F /* S.png in Resources */ = {isa = PBXBuildFile; fileRef = F45145E118387363000D6E7F /* S.png */; };
		F45145FC18387363000D6E7F /* SE.png in Resources */ = {isa = PBXBuildFile; fileRef = F45145E218387363000D6E7F /* SE.png */; };
		F45145FD18387363000D6E7F /* SLAC.png in Resources */ = {isa = PBXBuildFile; fileRef = F45145E318387363000D6E7F /* SLAC.png */; };
		F45145FE18387363000D6E7F /* Stop.png in Resources */ = {isa = PBXBuildFile; fileRef = F45145E418387363000D6E7F /* Stop.png */; };
		F45145FF18387363000D6E7F /* TECH.png in Resources */ = {isa = PBXBuildFile; fileRef = F45145E518387363000D6E7F /* TECH.png */; };
		F451460018387363000D6E7F /* V.png in Resources */ = {isa = PBXBuildFile; fileRef = F45145E618387363000D6E7F /* V.png */; };
		F451460118387363000D6E7F /* X-EXP.png in Resources */ = {isa = PBXBuildFile; fileRef = F45145E718387363000D6E7F /* X-EXP.png */; };
		F451460218387363000D6E7F /* X.png in Resources */ = {isa = PBXBuildFile; fileRef = F45145E818387363000D6E7F /* X.png */; };
		F451460318387363000D6E7F /* Y-EXP.png in Resources */ = {isa = PBXBuildFile; fileRef = F45145E918387363000D6E7F /* Y-EXP.png */; };
		F451460418387363000D6E7F /* Y-LIM.png in Resources */ = {isa = PBXBuildFile; fileRef = F45145EA18387363000D6E7F /* Y-LIM.png */; };
		F451460518387363000D6E7F /* Y.png in Resources */ = {isa = PBXBuildFile; fileRef = F45145EB18387363000D6E7F /* Y.png */; };
		F4514620183878E3000D6E7F /* 1050A@2x.png in Resources */ = {isa = PBXBuildFile; fileRef = F4514606183878E3000D6E7F /* 1050A@2x.png */; };
		F4514621183878E3000D6E7F /* AWE@2x.png in Resources */ = {isa = PBXBuildFile; fileRef = F4514607183878E3000D6E7F /* AWE@2x.png */; };
		F4514622183878E3000D6E7F /* BOH@2x.png in Resources */ = {isa = PBXBuildFile; fileRef = F4514608183878E3000D6E7F /* BOH@2x.png */; };
		F4514623183878E3000D6E7F /* C-LIM@2x.png in Resources */ = {isa = PBXBuildFile; fileRef = F4514609183878E3000D6E7F /* C-LIM@2x.png */; };
		F4514624183878E3000D6E7F /* C@2x.png in Resources */ = {isa = PBXBuildFile; fileRef = F451460A183878E3000D6E7F /* C@2x.png */; };
		F4514625183878E3000D6E7F /* EB-EX@2x.png in Resources */ = {isa = PBXBuildFile; fileRef = F451460B183878E3000D6E7F /* EB-EX@2x.png */; };
		F4514626183878E3000D6E7F /* H@2x.png in Resources */ = {isa = PBXBuildFile; fileRef = F451460C183878E3000D6E7F /* H@2x.png */; };
		F4514627183878E3000D6E7F /* MC-DIR@2x.png in Resources */ = {isa = PBXBuildFile; fileRef = F451460D183878E3000D6E7F /* MC-DIR@2x.png */; };
		F4514628183878E3000D6E7F /* MC-HOL@2x.png in Resources */ = {isa = PBXBuildFile; fileRef = F451460E183878E3000D6E7F /* MC-HOL@2x.png */; };
		F4514629183878E3000D6E7F /* MC@2x.png in Resources */ = {isa = PBXBuildFile; fileRef = F451460F183878E3000D6E7F /* MC@2x.png */; };
		F451462A183878E3000D6E7F /* N@2x.png in Resources */ = {isa = PBXBuildFile; fileRef = F4514610183878E3000D6E7F /* N@2x.png */; };
		F451462B183878E3000D6E7F /* O@2x.png in Resources */ = {isa = PBXBuildFile; fileRef = F4514611183878E3000D6E7F /* O@2x.png */; };
		F451462C183878E3000D6E7F /* OCA@2x.png in Resources */ = {isa = PBXBuildFile; fileRef = F4514612183878E3000D6E7F /* OCA@2x.png */; };
		F451462D183878E3000D6E7F /* P@2x.png in Resources */ = {isa = PBXBuildFile; fileRef = F4514613183878E3000D6E7F /* P@2x.png */; };
		F451462E183878E3000D6E7F /* RP@2x.png in Resources */ = {isa = PBXBuildFile; fileRef = F4514614183878E3000D6E7F /* RP@2x.png */; };
		F451462F183878E3000D6E7F /* S@2x.png in Resources */ = {isa = PBXBuildFile; fileRef = F4514615183878E3000D6E7F /* S@2x.png */; };
		F4514630183878E3000D6E7F /* SE@2x.png in Resources */ = {isa = PBXBuildFile; fileRef = F4514616183878E3000D6E7F /* SE@2x.png */; };
		F4514631183878E3000D6E7F /* SLAC@2x.png in Resources */ = {isa = PBXBuildFile; fileRef = F4514617183878E3000D6E7F /* SLAC@2x.png */; };
		F4514632183878E3000D6E7F /* Stop@2x.png in Resources */ = {isa = PBXBuildFile; fileRef = F4514618183878E3000D6E7F /* Stop@2x.png */; };
		F4514633183878E3000D6E7F /* TECH@2x.png in Resources */ = {isa = PBXBuildFile; fileRef = F4514619183878E3000D6E7F /* TECH@2x.png */; };
		F4514634183878E3000D6E7F /* V@2x.png in Resources */ = {isa = PBXBuildFile; fileRef = F451461A183878E3000D6E7F /* V@2x.png */; };
		F4514635183878E3000D6E7F /* X-EXP@2x.png in Resources */ = {isa = PBXBuildFile; fileRef = F451461B183878E3000D6E7F /* X-EXP@2x.png */; };
		F4514636183878E3000D6E7F /* X@2x.png in Resources */ = {isa = PBXBuildFile; fileRef = F451461C183878E3000D6E7F /* X@2x.png */; };
		F4514637183878E3000D6E7F /* Y-EXP@2x.png in Resources */ = {isa = PBXBuildFile; fileRef = F451461D183878E3000D6E7F /* Y-EXP@2x.png */; };
		F4514638183878E3000D6E7F /* Y-LIM@2x.png in Resources */ = {isa = PBXBuildFile; fileRef = F451461E183878E3000D6E7F /* Y-LIM@2x.png */; };
		F4514639183878E3000D6E7F /* Y@2x.png in Resources */ = {isa = PBXBuildFile; fileRef = F451461F183878E3000D6E7F /* Y@2x.png */; };
		F4592E541795E6E700579D6B /* TBXML+Compression.m in Sources */ = {isa = PBXBuildFile; fileRef = F4592E4D1795E6E700579D6B /* TBXML+Compression.m */; };
		F4592E551795E6E700579D6B /* TBXML+HTTP.m in Sources */ = {isa = PBXBuildFile; fileRef = F4592E4E1795E6E700579D6B /* TBXML+HTTP.m */; };
		F4592E561795E6E700579D6B /* TBXML.m in Sources */ = {isa = PBXBuildFile; fileRef = F4592E4F1795E6E700579D6B /* TBXML.m */; };
		F4592E581795E71800579D6B /* libz.dylib in Frameworks */ = {isa = PBXBuildFile; fileRef = F4592E571795E71800579D6B /* libz.dylib */; };
		F4592E5B1795E79C00579D6B /* LiveMapViewController.m in Sources */ = {isa = PBXBuildFile; fileRef = F4592E5A1795E79C00579D6B /* LiveMapViewController.m */; };
		F4592E5E1795E7C300579D6B /* RealtimeBuses.m in Sources */ = {isa = PBXBuildFile; fileRef = F4592E5D1795E7C300579D6B /* RealtimeBuses.m */; };
		F4592E67179744FD00579D6B /* AVFoundation.framework in Frameworks */ = {isa = PBXBuildFile; fileRef = F4592E66179744FC00579D6B /* AVFoundation.framework */; };
		F4592E691797450500579D6B /* CoreData.framework in Frameworks */ = {isa = PBXBuildFile; fileRef = F4592E681797450500579D6B /* CoreData.framework */; };
		F4592E6B1797450F00579D6B /* CoreText.framework in Frameworks */ = {isa = PBXBuildFile; fileRef = F4592E6A1797450F00579D6B /* CoreText.framework */; };
		F4592E6D1797451700579D6B /* GLKit.framework in Frameworks */ = {isa = PBXBuildFile; fileRef = F4592E6C1797451700579D6B /* GLKit.framework */; };
		F4592E6F1797452000579D6B /* ImageIO.framework in Frameworks */ = {isa = PBXBuildFile; fileRef = F4592E6E1797452000579D6B /* ImageIO.framework */; };
		F4592E711797499D00579D6B /* libc++.dylib in Frameworks */ = {isa = PBXBuildFile; fileRef = F4592E701797499D00579D6B /* libc++.dylib */; };
		F4592E73179749A600579D6B /* libicucore.dylib in Frameworks */ = {isa = PBXBuildFile; fileRef = F4592E72179749A600579D6B /* libicucore.dylib */; };
		F4592E75179749B200579D6B /* OpenGLES.framework in Frameworks */ = {isa = PBXBuildFile; fileRef = F4592E74179749B200579D6B /* OpenGLES.framework */; };
		F4592E77179749BC00579D6B /* QuartzCore.framework in Frameworks */ = {isa = PBXBuildFile; fileRef = F4592E76179749BC00579D6B /* QuartzCore.framework */; };
		F4592E79179749C400579D6B /* SystemConfiguration.framework in Frameworks */ = {isa = PBXBuildFile; fileRef = F4592E78179749C400579D6B /* SystemConfiguration.framework */; };
		F4592EC8179A83ED00579D6B /* time.png in Resources */ = {isa = PBXBuildFile; fileRef = F4592EC7179A83ED00579D6B /* time.png */; };
		F4592ECA179A83FB00579D6B /* directions-alt.png in Resources */ = {isa = PBXBuildFile; fileRef = F4592EC9179A83FB00579D6B /* directions-alt.png */; };
		F4592ECC179A840800579D6B /* location.png in Resources */ = {isa = PBXBuildFile; fileRef = F4592ECB179A840800579D6B /* location.png */; };
		F4592ECE179A841100579D6B /* map.png in Resources */ = {isa = PBXBuildFile; fileRef = F4592ECD179A841100579D6B /* map.png */; };
		F4592ED0179A841800579D6B /* info.png in Resources */ = {isa = PBXBuildFile; fileRef = F4592ECF179A841800579D6B /* info.png */; };
		F4592ED2179A844700579D6B /* time@2x.png in Resources */ = {isa = PBXBuildFile; fileRef = F4592ED1179A844700579D6B /* time@2x.png */; };
		F4592ED4179A845700579D6B /* directions-alt@2x.png in Resources */ = {isa = PBXBuildFile; fileRef = F4592ED3179A845700579D6B /* directions-alt@2x.png */; };
		F4592ED6179A846200579D6B /* location@2x.png in Resources */ = {isa = PBXBuildFile; fileRef = F4592ED5179A846200579D6B /* location@2x.png */; };
		F4592ED8179A846E00579D6B /* map@2x.png in Resources */ = {isa = PBXBuildFile; fileRef = F4592ED7179A846E00579D6B /* map@2x.png */; };
		F4592EDA179A847E00579D6B /* info@2x.png in Resources */ = {isa = PBXBuildFile; fileRef = F4592ED9179A847E00579D6B /* info@2x.png */; };
		F4592EF1179A92DC00579D6B /* Icon.png in Resources */ = {isa = PBXBuildFile; fileRef = F4592EF0179A92DC00579D6B /* Icon.png */; };
		F4592EF3179A92E600579D6B /* Icon@2x.png in Resources */ = {isa = PBXBuildFile; fileRef = F4592EF2179A92E600579D6B /* Icon@2x.png */; };
		F4592EF6179B866D00579D6B /* MRoute.m in Sources */ = {isa = PBXBuildFile; fileRef = F4592EF5179B866A00579D6B /* MRoute.m */; };
		F4592EFA179CA3C800579D6B /* MUtil.m in Sources */ = {isa = PBXBuildFile; fileRef = F4592EF9179CA3C700579D6B /* MUtil.m */; };
		F4592EFD179CA60900579D6B /* GTFSDatabase.m in Sources */ = {isa = PBXBuildFile; fileRef = F4592EFC179CA60900579D6B /* GTFSDatabase.m */; };
		F4592F00179DE28D00579D6B /* MRealtimeBus.m in Sources */ = {isa = PBXBuildFile; fileRef = F4592EFF179DE28D00579D6B /* MRealtimeBus.m */; };
		F4592F03179F7A5300579D6B /* MStop.m in Sources */ = {isa = PBXBuildFile; fileRef = F4592F02179F7A5200579D6B /* MStop.m */; };
		F4592F06179FBCE200579D6B /* MStopTime.m in Sources */ = {isa = PBXBuildFile; fileRef = F4592F05179FBCDE00579D6B /* MStopTime.m */; };
		F471C3D9178B7D5F005583A4 /* UIKit.framework in Frameworks */ = {isa = PBXBuildFile; fileRef = F471C3D8178B7D5F005583A4 /* UIKit.framework */; };
		F471C3DB178B7D5F005583A4 /* Foundation.framework in Frameworks */ = {isa = PBXBuildFile; fileRef = F471C3DA178B7D5F005583A4 /* Foundation.framework */; };
		F471C3DD178B7D5F005583A4 /* CoreGraphics.framework in Frameworks */ = {isa = PBXBuildFile; fileRef = F471C3DC178B7D5F005583A4 /* CoreGraphics.framework */; };
		F471C3E5178B7D5F005583A4 /* main.m in Sources */ = {isa = PBXBuildFile; fileRef = F471C3E4178B7D5F005583A4 /* main.m */; };
		F471C3E9178B7D60005583A4 /* AppDelegate.m in Sources */ = {isa = PBXBuildFile; fileRef = F471C3E8178B7D60005583A4 /* AppDelegate.m */; };
		F471C3EB178B7D60005583A4 /* Default.png in Resources */ = {isa = PBXBuildFile; fileRef = F471C3EA178B7D60005583A4 /* Default.png */; };
		F471C3ED178B7D60005583A4 /* Default@2x.png in Resources */ = {isa = PBXBuildFile; fileRef = F471C3EC178B7D60005583A4 /* Default@2x.png */; };
		F471C3EF178B7D60005583A4 /* Default-568h@2x.png in Resources */ = {isa = PBXBuildFile; fileRef = F471C3EE178B7D60005583A4 /* Default-568h@2x.png */; };
		F471C48E178B800C005583A4 /* CSVImporter.m in Sources */ = {isa = PBXBuildFile; fileRef = F471C465178B800C005583A4 /* CSVImporter.m */; };
		F471C490178B800C005583A4 /* CSVParser.m in Sources */ = {isa = PBXBuildFile; fileRef = F471C46B178B800C005583A4 /* CSVParser.m */; settings = {COMPILER_FLAGS = "-fno-objc-arc"; }; };
		F471C491178B800C005583A4 /* FMDatabase.m in Sources */ = {isa = PBXBuildFile; fileRef = F471C46E178B800C005583A4 /* FMDatabase.m */; };
		F471C492178B800C005583A4 /* FMDatabaseAdditions.m in Sources */ = {isa = PBXBuildFile; fileRef = F471C470178B800C005583A4 /* FMDatabaseAdditions.m */; };
		F471C493178B800C005583A4 /* FMDatabasePool.m in Sources */ = {isa = PBXBuildFile; fileRef = F471C472178B800C005583A4 /* FMDatabasePool.m */; };
		F471C494178B800C005583A4 /* FMDatabaseQueue.m in Sources */ = {isa = PBXBuildFile; fileRef = F471C474178B800C005583A4 /* FMDatabaseQueue.m */; };
		F471C495178B800C005583A4 /* FMResultSet.m in Sources */ = {isa = PBXBuildFile; fileRef = F471C476178B800C005583A4 /* FMResultSet.m */; };
		F471C496178B800C005583A4 /* Agency.m in Sources */ = {isa = PBXBuildFile; fileRef = F471C479178B800C005583A4 /* Agency.m */; };
		F471C497178B800C005583A4 /* Calendar.m in Sources */ = {isa = PBXBuildFile; fileRef = F471C47B178B800C005583A4 /* Calendar.m */; };
		F471C498178B800C005583A4 /* CalendarDate.m in Sources */ = {isa = PBXBuildFile; fileRef = F471C47D178B800C005583A4 /* CalendarDate.m */; };
		F471C499178B800C005583A4 /* FareAttributes.m in Sources */ = {isa = PBXBuildFile; fileRef = F471C47F178B800C005583A4 /* FareAttributes.m */; };
		F471C49A178B800C005583A4 /* FareRules.m in Sources */ = {isa = PBXBuildFile; fileRef = F471C481178B800C005583A4 /* FareRules.m */; };
		F471C49B178B800C005583A4 /* Route.m in Sources */ = {isa = PBXBuildFile; fileRef = F471C483178B800C005583A4 /* Route.m */; };
		F471C49C178B800C005583A4 /* Shape.m in Sources */ = {isa = PBXBuildFile; fileRef = F471C485178B800C005583A4 /* Shape.m */; };
		F471C49D178B800C005583A4 /* Stop.m in Sources */ = {isa = PBXBuildFile; fileRef = F471C487178B800C005583A4 /* Stop.m */; };
		F471C49E178B800C005583A4 /* StopTime.m in Sources */ = {isa = PBXBuildFile; fileRef = F471C489178B800C005583A4 /* StopTime.m */; };
		F471C49F178B800C005583A4 /* Trip.m in Sources */ = {isa = PBXBuildFile; fileRef = F471C48B178B800C005583A4 /* Trip.m */; };
		F471C4A0178B800C005583A4 /* Util.m in Sources */ = {isa = PBXBuildFile; fileRef = F471C48D178B800C005583A4 /* Util.m */; };
		F471C4B1178B81C8005583A4 /* CoreLocationController.m in Sources */ = {isa = PBXBuildFile; fileRef = F471C4B0178B81C8005583A4 /* CoreLocationController.m */; };
		F471C4BA178B88D7005583A4 /* libsqlite3.dylib in Frameworks */ = {isa = PBXBuildFile; fileRef = F471C4B9178B88D7005583A4 /* libsqlite3.dylib */; };
		F471C4BC178B88DD005583A4 /* CoreLocation.framework in Frameworks */ = {isa = PBXBuildFile; fileRef = F471C4BB178B88DD005583A4 /* CoreLocation.framework */; };
		F471C4C2178B89B3005583A4 /* NextShuttleViewController.m in Sources */ = {isa = PBXBuildFile; fileRef = F471C4C1178B89B3005583A4 /* NextShuttleViewController.m */; };
		F471C4DB178DF660005583A4 /* StopViewController.m in Sources */ = {isa = PBXBuildFile; fileRef = F471C4DA178DF660005583A4 /* StopViewController.m */; };
		F48BD72B17CC6426009630BE /* MRoutePolyline.m in Sources */ = {isa = PBXBuildFile; fileRef = F48BD72A17CC6426009630BE /* MRoutePolyline.m */; };
		F4BD10E7187D126B001509D9 /* Instabug.framework in Frameworks */ = {isa = PBXBuildFile; fileRef = F4BD10E6187D126B001509D9 /* Instabug.framework */; };
		F4BD10E9187D127A001509D9 /* Instabug.bundle in Resources */ = {isa = PBXBuildFile; fileRef = F4BD10E8187D127A001509D9 /* Instabug.bundle */; };
		F4F555D417D71BAE00301597 /* busstop.png in Resources */ = {isa = PBXBuildFile; fileRef = F4F555D317D71BAE00301597 /* busstop.png */; };
/* End PBXBuildFile section */

/* Begin PBXFileReference section */
		70CE5BB07FB64AA48B3AE676 /* Pods.xcconfig */ = {isa = PBXFileReference; includeInIndex = 1; lastKnownFileType = text.xcconfig; name = Pods.xcconfig; path = Pods/Pods.xcconfig; sourceTree = SOURCE_ROOT; };
		C74FC6596E0D4FE98CA124BB /* libPods.a */ = {isa = PBXFileReference; explicitFileType = archive.ar; includeInIndex = 0; path = libPods.a; sourceTree = BUILT_PRODUCTS_DIR; };
		F410C5FE17EE1657005F0BB3 /* CoreFoundation.framework */ = {isa = PBXFileReference; lastKnownFileType = wrapper.framework; name = CoreFoundation.framework; path = System/Library/Frameworks/CoreFoundation.framework; sourceTree = SDKROOT; };
		F410C60017EE167F005F0BB3 /* AudioToolbox.framework */ = {isa = PBXFileReference; lastKnownFileType = wrapper.framework; name = AudioToolbox.framework; path = System/Library/Frameworks/AudioToolbox.framework; sourceTree = SDKROOT; };
		F410C60217EE1684005F0BB3 /* CoreTelephony.framework */ = {isa = PBXFileReference; lastKnownFileType = wrapper.framework; name = CoreTelephony.framework; path = System/Library/Frameworks/CoreTelephony.framework; sourceTree = SDKROOT; };
		F41231CA17A397FA00604A02 /* AboutViewController.h */ = {isa = PBXFileReference; fileEncoding = 4; lastKnownFileType = sourcecode.c.h; name = AboutViewController.h; path = classes/AboutViewController.h; sourceTree = "<group>"; };
		F41231CB17A397FB00604A02 /* AboutViewController.m */ = {isa = PBXFileReference; fileEncoding = 4; lastKnownFileType = sourcecode.c.objc; name = AboutViewController.m; path = classes/AboutViewController.m; sourceTree = "<group>"; };
		F412321D17A3DB1600604A02 /* stanford_s.png */ = {isa = PBXFileReference; lastKnownFileType = image.png; name = stanford_s.png; path = images/map/stanford_s.png; sourceTree = "<group>"; };
		F4135304187D20E20070DD45 /* agency.txt */ = {isa = PBXFileReference; fileEncoding = 4; lastKnownFileType = text; name = agency.txt; path = gtfs/agency.txt; sourceTree = "<group>"; };
		F4135305187D20E20070DD45 /* calendar_dates.txt */ = {isa = PBXFileReference; fileEncoding = 4; lastKnownFileType = text; name = calendar_dates.txt; path = gtfs/calendar_dates.txt; sourceTree = "<group>"; };
		F4135306187D20E20070DD45 /* routes.txt */ = {isa = PBXFileReference; fileEncoding = 4; lastKnownFileType = text; name = routes.txt; path = gtfs/routes.txt; sourceTree = "<group>"; };
		F4135307187D20E20070DD45 /* shapes.txt */ = {isa = PBXFileReference; fileEncoding = 4; lastKnownFileType = text; name = shapes.txt; path = gtfs/shapes.txt; sourceTree = "<group>"; };
		F4135308187D20E20070DD45 /* stop_times.txt */ = {isa = PBXFileReference; fileEncoding = 4; lastKnownFileType = text; name = stop_times.txt; path = gtfs/stop_times.txt; sourceTree = "<group>"; };
		F4135309187D20E20070DD45 /* stops.txt */ = {isa = PBXFileReference; fileEncoding = 4; lastKnownFileType = text; name = stops.txt; path = gtfs/stops.txt; sourceTree = "<group>"; };
		F413530A187D20E20070DD45 /* trips.txt */ = {isa = PBXFileReference; fileEncoding = 4; lastKnownFileType = text; name = trips.txt; path = gtfs/trips.txt; sourceTree = "<group>"; };
		F4135312187D22460070DD45 /* gtfs.db */ = {isa = PBXFileReference; lastKnownFileType = file; name = gtfs.db; path = gtfs/gtfs.db; sourceTree = "<group>"; };
		F41938A817A3E4480056F598 /* en */ = {isa = PBXFileReference; lastKnownFileType = text.plist.strings; name = en; path = en.lproj/InfoPlist.strings; sourceTree = "<group>"; };
		F41938AA17A3E4480056F598 /* en */ = {isa = PBXFileReference; lastKnownFileType = file.storyboard; name = en; path = en.lproj/MainStoryboard_iPhone.storyboard; sourceTree = "<group>"; };
		F41938AD17A3E44F0056F598 /* marguerite-Info.plist */ = {isa = PBXFileReference; fileEncoding = 4; lastKnownFileType = text.plist.xml; path = "marguerite-Info.plist"; sourceTree = "<group>"; };
		F45145D218387363000D6E7F /* 1050A.png */ = {isa = PBXFileReference; lastKnownFileType = image.png; name = 1050A.png; path = images/bus/1050A.png; sourceTree = "<group>"; };
		F45145D318387363000D6E7F /* AWE.png */ = {isa = PBXFileReference; lastKnownFileType = image.png; name = AWE.png; path = images/bus/AWE.png; sourceTree = "<group>"; };
		F45145D418387363000D6E7F /* BOH.png */ = {isa = PBXFileReference; lastKnownFileType = image.png; name = BOH.png; path = images/bus/BOH.png; sourceTree = "<group>"; };
		F45145D518387363000D6E7F /* C-LIM.png */ = {isa = PBXFileReference; lastKnownFileType = image.png; name = "C-LIM.png"; path = "images/bus/C-LIM.png"; sourceTree = "<group>"; };
		F45145D618387363000D6E7F /* C.png */ = {isa = PBXFileReference; lastKnownFileType = image.png; name = C.png; path = images/bus/C.png; sourceTree = "<group>"; };
		F45145D718387363000D6E7F /* EB-EX.png */ = {isa = PBXFileReference; lastKnownFileType = image.png; name = "EB-EX.png"; path = "images/bus/EB-EX.png"; sourceTree = "<group>"; };
		F45145D818387363000D6E7F /* H.png */ = {isa = PBXFileReference; lastKnownFileType = image.png; name = H.png; path = images/bus/H.png; sourceTree = "<group>"; };
		F45145D918387363000D6E7F /* MC-DIR.png */ = {isa = PBXFileReference; lastKnownFileType = image.png; name = "MC-DIR.png"; path = "images/bus/MC-DIR.png"; sourceTree = "<group>"; };
		F45145DA18387363000D6E7F /* MC-HOL.png */ = {isa = PBXFileReference; lastKnownFileType = image.png; name = "MC-HOL.png"; path = "images/bus/MC-HOL.png"; sourceTree = "<group>"; };
		F45145DB18387363000D6E7F /* MC.png */ = {isa = PBXFileReference; lastKnownFileType = image.png; name = MC.png; path = images/bus/MC.png; sourceTree = "<group>"; };
		F45145DC18387363000D6E7F /* N.png */ = {isa = PBXFileReference; lastKnownFileType = image.png; name = N.png; path = images/bus/N.png; sourceTree = "<group>"; };
		F45145DD18387363000D6E7F /* O.png */ = {isa = PBXFileReference; lastKnownFileType = image.png; name = O.png; path = images/bus/O.png; sourceTree = "<group>"; };
		F45145DE18387363000D6E7F /* OCA.png */ = {isa = PBXFileReference; lastKnownFileType = image.png; name = OCA.png; path = images/bus/OCA.png; sourceTree = "<group>"; };
		F45145DF18387363000D6E7F /* P.png */ = {isa = PBXFileReference; lastKnownFileType = image.png; name = P.png; path = images/bus/P.png; sourceTree = "<group>"; };
		F45145E018387363000D6E7F /* RP.png */ = {isa = PBXFileReference; lastKnownFileType = image.png; name = RP.png; path = images/bus/RP.png; sourceTree = "<group>"; };
		F45145E118387363000D6E7F /* S.png */ = {isa = PBXFileReference; lastKnownFileType = image.png; name = S.png; path = images/bus/S.png; sourceTree = "<group>"; };
		F45145E218387363000D6E7F /* SE.png */ = {isa = PBXFileReference; lastKnownFileType = image.png; name = SE.png; path = images/bus/SE.png; sourceTree = "<group>"; };
		F45145E318387363000D6E7F /* SLAC.png */ = {isa = PBXFileReference; lastKnownFileType = image.png; name = SLAC.png; path = images/bus/SLAC.png; sourceTree = "<group>"; };
		F45145E418387363000D6E7F /* Stop.png */ = {isa = PBXFileReference; lastKnownFileType = image.png; name = Stop.png; path = images/bus/Stop.png; sourceTree = "<group>"; };
		F45145E518387363000D6E7F /* TECH.png */ = {isa = PBXFileReference; lastKnownFileType = image.png; name = TECH.png; path = images/bus/TECH.png; sourceTree = "<group>"; };
		F45145E618387363000D6E7F /* V.png */ = {isa = PBXFileReference; lastKnownFileType = image.png; name = V.png; path = images/bus/V.png; sourceTree = "<group>"; };
		F45145E718387363000D6E7F /* X-EXP.png */ = {isa = PBXFileReference; lastKnownFileType = image.png; name = "X-EXP.png"; path = "images/bus/X-EXP.png"; sourceTree = "<group>"; };
		F45145E818387363000D6E7F /* X.png */ = {isa = PBXFileReference; lastKnownFileType = image.png; name = X.png; path = images/bus/X.png; sourceTree = "<group>"; };
		F45145E918387363000D6E7F /* Y-EXP.png */ = {isa = PBXFileReference; lastKnownFileType = image.png; name = "Y-EXP.png"; path = "images/bus/Y-EXP.png"; sourceTree = "<group>"; };
		F45145EA18387363000D6E7F /* Y-LIM.png */ = {isa = PBXFileReference; lastKnownFileType = image.png; name = "Y-LIM.png"; path = "images/bus/Y-LIM.png"; sourceTree = "<group>"; };
		F45145EB18387363000D6E7F /* Y.png */ = {isa = PBXFileReference; lastKnownFileType = image.png; name = Y.png; path = images/bus/Y.png; sourceTree = "<group>"; };
		F4514606183878E3000D6E7F /* 1050A@2x.png */ = {isa = PBXFileReference; lastKnownFileType = image.png; name = "1050A@2x.png"; path = "images/bus/1050A@2x.png"; sourceTree = "<group>"; };
		F4514607183878E3000D6E7F /* AWE@2x.png */ = {isa = PBXFileReference; lastKnownFileType = image.png; name = "AWE@2x.png"; path = "images/bus/AWE@2x.png"; sourceTree = "<group>"; };
		F4514608183878E3000D6E7F /* BOH@2x.png */ = {isa = PBXFileReference; lastKnownFileType = image.png; name = "BOH@2x.png"; path = "images/bus/BOH@2x.png"; sourceTree = "<group>"; };
		F4514609183878E3000D6E7F /* C-LIM@2x.png */ = {isa = PBXFileReference; lastKnownFileType = image.png; name = "C-LIM@2x.png"; path = "images/bus/C-LIM@2x.png"; sourceTree = "<group>"; };
		F451460A183878E3000D6E7F /* C@2x.png */ = {isa = PBXFileReference; lastKnownFileType = image.png; name = "C@2x.png"; path = "images/bus/C@2x.png"; sourceTree = "<group>"; };
		F451460B183878E3000D6E7F /* EB-EX@2x.png */ = {isa = PBXFileReference; lastKnownFileType = image.png; name = "EB-EX@2x.png"; path = "images/bus/EB-EX@2x.png"; sourceTree = "<group>"; };
		F451460C183878E3000D6E7F /* H@2x.png */ = {isa = PBXFileReference; lastKnownFileType = image.png; name = "H@2x.png"; path = "images/bus/H@2x.png"; sourceTree = "<group>"; };
		F451460D183878E3000D6E7F /* MC-DIR@2x.png */ = {isa = PBXFileReference; lastKnownFileType = image.png; name = "MC-DIR@2x.png"; path = "images/bus/MC-DIR@2x.png"; sourceTree = "<group>"; };
		F451460E183878E3000D6E7F /* MC-HOL@2x.png */ = {isa = PBXFileReference; lastKnownFileType = image.png; name = "MC-HOL@2x.png"; path = "images/bus/MC-HOL@2x.png"; sourceTree = "<group>"; };
		F451460F183878E3000D6E7F /* MC@2x.png */ = {isa = PBXFileReference; lastKnownFileType = image.png; name = "MC@2x.png"; path = "images/bus/MC@2x.png"; sourceTree = "<group>"; };
		F4514610183878E3000D6E7F /* N@2x.png */ = {isa = PBXFileReference; lastKnownFileType = image.png; name = "N@2x.png"; path = "images/bus/N@2x.png"; sourceTree = "<group>"; };
		F4514611183878E3000D6E7F /* O@2x.png */ = {isa = PBXFileReference; lastKnownFileType = image.png; name = "O@2x.png"; path = "images/bus/O@2x.png"; sourceTree = "<group>"; };
		F4514612183878E3000D6E7F /* OCA@2x.png */ = {isa = PBXFileReference; lastKnownFileType = image.png; name = "OCA@2x.png"; path = "images/bus/OCA@2x.png"; sourceTree = "<group>"; };
		F4514613183878E3000D6E7F /* P@2x.png */ = {isa = PBXFileReference; lastKnownFileType = image.png; name = "P@2x.png"; path = "images/bus/P@2x.png"; sourceTree = "<group>"; };
		F4514614183878E3000D6E7F /* RP@2x.png */ = {isa = PBXFileReference; lastKnownFileType = image.png; name = "RP@2x.png"; path = "images/bus/RP@2x.png"; sourceTree = "<group>"; };
		F4514615183878E3000D6E7F /* S@2x.png */ = {isa = PBXFileReference; lastKnownFileType = image.png; name = "S@2x.png"; path = "images/bus/S@2x.png"; sourceTree = "<group>"; };
		F4514616183878E3000D6E7F /* SE@2x.png */ = {isa = PBXFileReference; lastKnownFileType = image.png; name = "SE@2x.png"; path = "images/bus/SE@2x.png"; sourceTree = "<group>"; };
		F4514617183878E3000D6E7F /* SLAC@2x.png */ = {isa = PBXFileReference; lastKnownFileType = image.png; name = "SLAC@2x.png"; path = "images/bus/SLAC@2x.png"; sourceTree = "<group>"; };
		F4514618183878E3000D6E7F /* Stop@2x.png */ = {isa = PBXFileReference; lastKnownFileType = image.png; name = "Stop@2x.png"; path = "images/bus/Stop@2x.png"; sourceTree = "<group>"; };
		F4514619183878E3000D6E7F /* TECH@2x.png */ = {isa = PBXFileReference; lastKnownFileType = image.png; name = "TECH@2x.png"; path = "images/bus/TECH@2x.png"; sourceTree = "<group>"; };
		F451461A183878E3000D6E7F /* V@2x.png */ = {isa = PBXFileReference; lastKnownFileType = image.png; name = "V@2x.png"; path = "images/bus/V@2x.png"; sourceTree = "<group>"; };
		F451461B183878E3000D6E7F /* X-EXP@2x.png */ = {isa = PBXFileReference; lastKnownFileType = image.png; name = "X-EXP@2x.png"; path = "images/bus/X-EXP@2x.png"; sourceTree = "<group>"; };
		F451461C183878E3000D6E7F /* X@2x.png */ = {isa = PBXFileReference; lastKnownFileType = image.png; name = "X@2x.png"; path = "images/bus/X@2x.png"; sourceTree = "<group>"; };
		F451461D183878E3000D6E7F /* Y-EXP@2x.png */ = {isa = PBXFileReference; lastKnownFileType = image.png; name = "Y-EXP@2x.png"; path = "images/bus/Y-EXP@2x.png"; sourceTree = "<group>"; };
		F451461E183878E3000D6E7F /* Y-LIM@2x.png */ = {isa = PBXFileReference; lastKnownFileType = image.png; name = "Y-LIM@2x.png"; path = "images/bus/Y-LIM@2x.png"; sourceTree = "<group>"; };
		F451461F183878E3000D6E7F /* Y@2x.png */ = {isa = PBXFileReference; lastKnownFileType = image.png; name = "Y@2x.png"; path = "images/bus/Y@2x.png"; sourceTree = "<group>"; };
		F4592E4D1795E6E700579D6B /* TBXML+Compression.m */ = {isa = PBXFileReference; fileEncoding = 4; lastKnownFileType = sourcecode.c.objc; name = "TBXML+Compression.m"; path = "libraries/TBXML/TBXML+Compression.m"; sourceTree = "<group>"; };
		F4592E4E1795E6E700579D6B /* TBXML+HTTP.m */ = {isa = PBXFileReference; fileEncoding = 4; lastKnownFileType = sourcecode.c.objc; name = "TBXML+HTTP.m"; path = "libraries/TBXML/TBXML+HTTP.m"; sourceTree = "<group>"; };
		F4592E4F1795E6E700579D6B /* TBXML.m */ = {isa = PBXFileReference; fileEncoding = 4; lastKnownFileType = sourcecode.c.objc; name = TBXML.m; path = libraries/TBXML/TBXML.m; sourceTree = "<group>"; };
		F4592E511795E6E700579D6B /* TBXML+Compression.h */ = {isa = PBXFileReference; fileEncoding = 4; lastKnownFileType = sourcecode.c.h; name = "TBXML+Compression.h"; path = "libraries/TBXML/TBXML+Compression.h"; sourceTree = "<group>"; };
		F4592E521795E6E700579D6B /* TBXML+HTTP.h */ = {isa = PBXFileReference; fileEncoding = 4; lastKnownFileType = sourcecode.c.h; name = "TBXML+HTTP.h"; path = "libraries/TBXML/TBXML+HTTP.h"; sourceTree = "<group>"; };
		F4592E531795E6E700579D6B /* TBXML.h */ = {isa = PBXFileReference; fileEncoding = 4; lastKnownFileType = sourcecode.c.h; name = TBXML.h; path = libraries/TBXML/TBXML.h; sourceTree = "<group>"; };
		F4592E571795E71800579D6B /* libz.dylib */ = {isa = PBXFileReference; lastKnownFileType = "compiled.mach-o.dylib"; name = libz.dylib; path = usr/lib/libz.dylib; sourceTree = SDKROOT; };
		F4592E591795E79B00579D6B /* LiveMapViewController.h */ = {isa = PBXFileReference; fileEncoding = 4; lastKnownFileType = sourcecode.c.h; name = LiveMapViewController.h; path = classes/LiveMapViewController.h; sourceTree = "<group>"; };
		F4592E5A1795E79C00579D6B /* LiveMapViewController.m */ = {isa = PBXFileReference; fileEncoding = 4; lastKnownFileType = sourcecode.c.objc; name = LiveMapViewController.m; path = classes/LiveMapViewController.m; sourceTree = "<group>"; };
		F4592E5C1795E7C300579D6B /* RealtimeBuses.h */ = {isa = PBXFileReference; fileEncoding = 4; lastKnownFileType = sourcecode.c.h; name = RealtimeBuses.h; path = classes/RealtimeBuses.h; sourceTree = "<group>"; };
		F4592E5D1795E7C300579D6B /* RealtimeBuses.m */ = {isa = PBXFileReference; fileEncoding = 4; lastKnownFileType = sourcecode.c.objc; name = RealtimeBuses.m; path = classes/RealtimeBuses.m; sourceTree = "<group>"; };
		F4592E66179744FC00579D6B /* AVFoundation.framework */ = {isa = PBXFileReference; lastKnownFileType = wrapper.framework; name = AVFoundation.framework; path = System/Library/Frameworks/AVFoundation.framework; sourceTree = SDKROOT; };
		F4592E681797450500579D6B /* CoreData.framework */ = {isa = PBXFileReference; lastKnownFileType = wrapper.framework; name = CoreData.framework; path = System/Library/Frameworks/CoreData.framework; sourceTree = SDKROOT; };
		F4592E6A1797450F00579D6B /* CoreText.framework */ = {isa = PBXFileReference; lastKnownFileType = wrapper.framework; name = CoreText.framework; path = System/Library/Frameworks/CoreText.framework; sourceTree = SDKROOT; };
		F4592E6C1797451700579D6B /* GLKit.framework */ = {isa = PBXFileReference; lastKnownFileType = wrapper.framework; name = GLKit.framework; path = System/Library/Frameworks/GLKit.framework; sourceTree = SDKROOT; };
		F4592E6E1797452000579D6B /* ImageIO.framework */ = {isa = PBXFileReference; lastKnownFileType = wrapper.framework; name = ImageIO.framework; path = System/Library/Frameworks/ImageIO.framework; sourceTree = SDKROOT; };
		F4592E701797499D00579D6B /* libc++.dylib */ = {isa = PBXFileReference; lastKnownFileType = "compiled.mach-o.dylib"; name = "libc++.dylib"; path = "usr/lib/libc++.dylib"; sourceTree = SDKROOT; };
		F4592E72179749A600579D6B /* libicucore.dylib */ = {isa = PBXFileReference; lastKnownFileType = "compiled.mach-o.dylib"; name = libicucore.dylib; path = usr/lib/libicucore.dylib; sourceTree = SDKROOT; };
		F4592E74179749B200579D6B /* OpenGLES.framework */ = {isa = PBXFileReference; lastKnownFileType = wrapper.framework; name = OpenGLES.framework; path = System/Library/Frameworks/OpenGLES.framework; sourceTree = SDKROOT; };
		F4592E76179749BC00579D6B /* QuartzCore.framework */ = {isa = PBXFileReference; lastKnownFileType = wrapper.framework; name = QuartzCore.framework; path = System/Library/Frameworks/QuartzCore.framework; sourceTree = SDKROOT; };
		F4592E78179749C400579D6B /* SystemConfiguration.framework */ = {isa = PBXFileReference; lastKnownFileType = wrapper.framework; name = SystemConfiguration.framework; path = System/Library/Frameworks/SystemConfiguration.framework; sourceTree = SDKROOT; };
		F4592E7F1798719100579D6B /* secrets.h */ = {isa = PBXFileReference; fileEncoding = 4; lastKnownFileType = sourcecode.c.h; path = secrets.h; sourceTree = "<group>"; };
		F4592EC7179A83ED00579D6B /* time.png */ = {isa = PBXFileReference; lastKnownFileType = image.png; name = time.png; path = images/tabs/time.png; sourceTree = "<group>"; };
		F4592EC9179A83FB00579D6B /* directions-alt.png */ = {isa = PBXFileReference; lastKnownFileType = image.png; name = "directions-alt.png"; path = "images/tabs/directions-alt.png"; sourceTree = "<group>"; };
		F4592ECB179A840800579D6B /* location.png */ = {isa = PBXFileReference; lastKnownFileType = image.png; name = location.png; path = images/tabs/location.png; sourceTree = "<group>"; };
		F4592ECD179A841100579D6B /* map.png */ = {isa = PBXFileReference; lastKnownFileType = image.png; name = map.png; path = images/tabs/map.png; sourceTree = "<group>"; };
		F4592ECF179A841800579D6B /* info.png */ = {isa = PBXFileReference; lastKnownFileType = image.png; name = info.png; path = images/tabs/info.png; sourceTree = "<group>"; };
		F4592ED1179A844700579D6B /* time@2x.png */ = {isa = PBXFileReference; lastKnownFileType = image.png; name = "time@2x.png"; path = "images/tabs/time@2x.png"; sourceTree = "<group>"; };
		F4592ED3179A845700579D6B /* directions-alt@2x.png */ = {isa = PBXFileReference; lastKnownFileType = image.png; name = "directions-alt@2x.png"; path = "images/tabs/directions-alt@2x.png"; sourceTree = "<group>"; };
		F4592ED5179A846200579D6B /* location@2x.png */ = {isa = PBXFileReference; lastKnownFileType = image.png; name = "location@2x.png"; path = "images/tabs/location@2x.png"; sourceTree = "<group>"; };
		F4592ED7179A846E00579D6B /* map@2x.png */ = {isa = PBXFileReference; lastKnownFileType = image.png; name = "map@2x.png"; path = "images/tabs/map@2x.png"; sourceTree = "<group>"; };
		F4592ED9179A847E00579D6B /* info@2x.png */ = {isa = PBXFileReference; lastKnownFileType = image.png; name = "info@2x.png"; path = "images/tabs/info@2x.png"; sourceTree = "<group>"; };
		F4592EF0179A92DC00579D6B /* Icon.png */ = {isa = PBXFileReference; lastKnownFileType = image.png; name = Icon.png; path = images/icon/Icon.png; sourceTree = "<group>"; };
		F4592EF2179A92E600579D6B /* Icon@2x.png */ = {isa = PBXFileReference; lastKnownFileType = image.png; name = "Icon@2x.png"; path = "images/icon/Icon@2x.png"; sourceTree = "<group>"; };
		F4592EF4179B866A00579D6B /* MRoute.h */ = {isa = PBXFileReference; fileEncoding = 4; lastKnownFileType = sourcecode.c.h; name = MRoute.h; path = classes/MRoute.h; sourceTree = "<group>"; };
		F4592EF5179B866A00579D6B /* MRoute.m */ = {isa = PBXFileReference; fileEncoding = 4; lastKnownFileType = sourcecode.c.objc; name = MRoute.m; path = classes/MRoute.m; sourceTree = "<group>"; };
		F4592EF8179CA3C700579D6B /* MUtil.h */ = {isa = PBXFileReference; fileEncoding = 4; lastKnownFileType = sourcecode.c.h; name = MUtil.h; path = classes/MUtil.h; sourceTree = "<group>"; };
		F4592EF9179CA3C700579D6B /* MUtil.m */ = {isa = PBXFileReference; fileEncoding = 4; lastKnownFileType = sourcecode.c.objc; name = MUtil.m; path = classes/MUtil.m; sourceTree = "<group>"; };
		F4592EFB179CA60900579D6B /* GTFSDatabase.h */ = {isa = PBXFileReference; fileEncoding = 4; lastKnownFileType = sourcecode.c.h; name = GTFSDatabase.h; path = classes/GTFSDatabase.h; sourceTree = "<group>"; };
		F4592EFC179CA60900579D6B /* GTFSDatabase.m */ = {isa = PBXFileReference; fileEncoding = 4; lastKnownFileType = sourcecode.c.objc; name = GTFSDatabase.m; path = classes/GTFSDatabase.m; sourceTree = "<group>"; };
		F4592EFE179DE28D00579D6B /* MRealtimeBus.h */ = {isa = PBXFileReference; fileEncoding = 4; lastKnownFileType = sourcecode.c.h; name = MRealtimeBus.h; path = classes/MRealtimeBus.h; sourceTree = "<group>"; };
		F4592EFF179DE28D00579D6B /* MRealtimeBus.m */ = {isa = PBXFileReference; fileEncoding = 4; lastKnownFileType = sourcecode.c.objc; name = MRealtimeBus.m; path = classes/MRealtimeBus.m; sourceTree = "<group>"; };
		F4592F01179F7A5200579D6B /* MStop.h */ = {isa = PBXFileReference; fileEncoding = 4; lastKnownFileType = sourcecode.c.h; name = MStop.h; path = classes/MStop.h; sourceTree = "<group>"; };
		F4592F02179F7A5200579D6B /* MStop.m */ = {isa = PBXFileReference; fileEncoding = 4; lastKnownFileType = sourcecode.c.objc; name = MStop.m; path = classes/MStop.m; sourceTree = "<group>"; };
		F4592F04179FBCDD00579D6B /* MStopTime.h */ = {isa = PBXFileReference; fileEncoding = 4; lastKnownFileType = sourcecode.c.h; name = MStopTime.h; path = classes/MStopTime.h; sourceTree = "<group>"; };
		F4592F05179FBCDE00579D6B /* MStopTime.m */ = {isa = PBXFileReference; fileEncoding = 4; lastKnownFileType = sourcecode.c.objc; name = MStopTime.m; path = classes/MStopTime.m; sourceTree = "<group>"; };
		F471C3D5178B7D5F005583A4 /* Marguerite.app */ = {isa = PBXFileReference; explicitFileType = wrapper.application; includeInIndex = 0; path = Marguerite.app; sourceTree = BUILT_PRODUCTS_DIR; };
		F471C3D8178B7D5F005583A4 /* UIKit.framework */ = {isa = PBXFileReference; lastKnownFileType = wrapper.framework; name = UIKit.framework; path = System/Library/Frameworks/UIKit.framework; sourceTree = SDKROOT; };
		F471C3DA178B7D5F005583A4 /* Foundation.framework */ = {isa = PBXFileReference; lastKnownFileType = wrapper.framework; name = Foundation.framework; path = System/Library/Frameworks/Foundation.framework; sourceTree = SDKROOT; };
		F471C3DC178B7D5F005583A4 /* CoreGraphics.framework */ = {isa = PBXFileReference; lastKnownFileType = wrapper.framework; name = CoreGraphics.framework; path = System/Library/Frameworks/CoreGraphics.framework; sourceTree = SDKROOT; };
		F471C3E4178B7D5F005583A4 /* main.m */ = {isa = PBXFileReference; lastKnownFileType = sourcecode.c.objc; path = main.m; sourceTree = "<group>"; };
		F471C3E6178B7D5F005583A4 /* marguerite-Prefix.pch */ = {isa = PBXFileReference; lastKnownFileType = sourcecode.c.h; path = "marguerite-Prefix.pch"; sourceTree = "<group>"; };
		F471C3E7178B7D60005583A4 /* AppDelegate.h */ = {isa = PBXFileReference; lastKnownFileType = sourcecode.c.h; name = AppDelegate.h; path = classes/AppDelegate.h; sourceTree = "<group>"; };
		F471C3E8178B7D60005583A4 /* AppDelegate.m */ = {isa = PBXFileReference; lastKnownFileType = sourcecode.c.objc; name = AppDelegate.m; path = classes/AppDelegate.m; sourceTree = "<group>"; };
		F471C3EA178B7D60005583A4 /* Default.png */ = {isa = PBXFileReference; lastKnownFileType = image.png; name = Default.png; path = images/Default.png; sourceTree = "<group>"; };
		F471C3EC178B7D60005583A4 /* Default@2x.png */ = {isa = PBXFileReference; lastKnownFileType = image.png; name = "Default@2x.png"; path = "images/Default@2x.png"; sourceTree = "<group>"; };
		F471C3EE178B7D60005583A4 /* Default-568h@2x.png */ = {isa = PBXFileReference; lastKnownFileType = image.png; name = "Default-568h@2x.png"; path = "images/Default-568h@2x.png"; sourceTree = "<group>"; };
		F471C40A178B7D60005583A4 /* SenTestingKit.framework */ = {isa = PBXFileReference; lastKnownFileType = wrapper.framework; name = SenTestingKit.framework; path = Library/Frameworks/SenTestingKit.framework; sourceTree = DEVELOPER_DIR; };
		F471C464178B800C005583A4 /* CSVImporter.h */ = {isa = PBXFileReference; fileEncoding = 4; lastKnownFileType = sourcecode.c.h; name = CSVImporter.h; path = libraries/GTFSImporter/CSVImporter.h; sourceTree = "<group>"; };
		F471C465178B800C005583A4 /* CSVImporter.m */ = {isa = PBXFileReference; fileEncoding = 4; lastKnownFileType = sourcecode.c.objc; name = CSVImporter.m; path = libraries/GTFSImporter/CSVImporter.m; sourceTree = "<group>"; };
		F471C46A178B800C005583A4 /* CSVParser.h */ = {isa = PBXFileReference; fileEncoding = 4; lastKnownFileType = sourcecode.c.h; name = CSVParser.h; path = libraries/GTFSImporter/Libraries/CSVParser/CSVParser.h; sourceTree = "<group>"; };
		F471C46B178B800C005583A4 /* CSVParser.m */ = {isa = PBXFileReference; fileEncoding = 4; lastKnownFileType = sourcecode.c.objc; name = CSVParser.m; path = libraries/GTFSImporter/Libraries/CSVParser/CSVParser.m; sourceTree = "<group>"; };
		F471C46D178B800C005583A4 /* FMDatabase.h */ = {isa = PBXFileReference; fileEncoding = 4; lastKnownFileType = sourcecode.c.h; name = FMDatabase.h; path = libraries/GTFSImporter/Libraries/SQLite/FMDatabase.h; sourceTree = "<group>"; };
		F471C46E178B800C005583A4 /* FMDatabase.m */ = {isa = PBXFileReference; fileEncoding = 4; lastKnownFileType = sourcecode.c.objc; name = FMDatabase.m; path = libraries/GTFSImporter/Libraries/SQLite/FMDatabase.m; sourceTree = "<group>"; };
		F471C46F178B800C005583A4 /* FMDatabaseAdditions.h */ = {isa = PBXFileReference; fileEncoding = 4; lastKnownFileType = sourcecode.c.h; name = FMDatabaseAdditions.h; path = libraries/GTFSImporter/Libraries/SQLite/FMDatabaseAdditions.h; sourceTree = "<group>"; };
		F471C470178B800C005583A4 /* FMDatabaseAdditions.m */ = {isa = PBXFileReference; fileEncoding = 4; lastKnownFileType = sourcecode.c.objc; name = FMDatabaseAdditions.m; path = libraries/GTFSImporter/Libraries/SQLite/FMDatabaseAdditions.m; sourceTree = "<group>"; };
		F471C471178B800C005583A4 /* FMDatabasePool.h */ = {isa = PBXFileReference; fileEncoding = 4; lastKnownFileType = sourcecode.c.h; name = FMDatabasePool.h; path = libraries/GTFSImporter/Libraries/SQLite/FMDatabasePool.h; sourceTree = "<group>"; };
		F471C472178B800C005583A4 /* FMDatabasePool.m */ = {isa = PBXFileReference; fileEncoding = 4; lastKnownFileType = sourcecode.c.objc; name = FMDatabasePool.m; path = libraries/GTFSImporter/Libraries/SQLite/FMDatabasePool.m; sourceTree = "<group>"; };
		F471C473178B800C005583A4 /* FMDatabaseQueue.h */ = {isa = PBXFileReference; fileEncoding = 4; lastKnownFileType = sourcecode.c.h; name = FMDatabaseQueue.h; path = libraries/GTFSImporter/Libraries/SQLite/FMDatabaseQueue.h; sourceTree = "<group>"; };
		F471C474178B800C005583A4 /* FMDatabaseQueue.m */ = {isa = PBXFileReference; fileEncoding = 4; lastKnownFileType = sourcecode.c.objc; name = FMDatabaseQueue.m; path = libraries/GTFSImporter/Libraries/SQLite/FMDatabaseQueue.m; sourceTree = "<group>"; };
		F471C475178B800C005583A4 /* FMResultSet.h */ = {isa = PBXFileReference; fileEncoding = 4; lastKnownFileType = sourcecode.c.h; name = FMResultSet.h; path = libraries/GTFSImporter/Libraries/SQLite/FMResultSet.h; sourceTree = "<group>"; };
		F471C476178B800C005583A4 /* FMResultSet.m */ = {isa = PBXFileReference; fileEncoding = 4; lastKnownFileType = sourcecode.c.objc; name = FMResultSet.m; path = libraries/GTFSImporter/Libraries/SQLite/FMResultSet.m; sourceTree = "<group>"; };
		F471C478178B800C005583A4 /* Agency.h */ = {isa = PBXFileReference; fileEncoding = 4; lastKnownFileType = sourcecode.c.h; name = Agency.h; path = libraries/GTFSImporter/Model/Agency.h; sourceTree = "<group>"; };
		F471C479178B800C005583A4 /* Agency.m */ = {isa = PBXFileReference; fileEncoding = 4; lastKnownFileType = sourcecode.c.objc; name = Agency.m; path = libraries/GTFSImporter/Model/Agency.m; sourceTree = "<group>"; };
		F471C47A178B800C005583A4 /* Calendar.h */ = {isa = PBXFileReference; fileEncoding = 4; lastKnownFileType = sourcecode.c.h; name = Calendar.h; path = libraries/GTFSImporter/Model/Calendar.h; sourceTree = "<group>"; };
		F471C47B178B800C005583A4 /* Calendar.m */ = {isa = PBXFileReference; fileEncoding = 4; lastKnownFileType = sourcecode.c.objc; name = Calendar.m; path = libraries/GTFSImporter/Model/Calendar.m; sourceTree = "<group>"; };
		F471C47C178B800C005583A4 /* CalendarDate.h */ = {isa = PBXFileReference; fileEncoding = 4; lastKnownFileType = sourcecode.c.h; name = CalendarDate.h; path = libraries/GTFSImporter/Model/CalendarDate.h; sourceTree = "<group>"; };
		F471C47D178B800C005583A4 /* CalendarDate.m */ = {isa = PBXFileReference; fileEncoding = 4; lastKnownFileType = sourcecode.c.objc; name = CalendarDate.m; path = libraries/GTFSImporter/Model/CalendarDate.m; sourceTree = "<group>"; };
		F471C47E178B800C005583A4 /* FareAttributes.h */ = {isa = PBXFileReference; fileEncoding = 4; lastKnownFileType = sourcecode.c.h; name = FareAttributes.h; path = libraries/GTFSImporter/Model/FareAttributes.h; sourceTree = "<group>"; };
		F471C47F178B800C005583A4 /* FareAttributes.m */ = {isa = PBXFileReference; fileEncoding = 4; lastKnownFileType = sourcecode.c.objc; name = FareAttributes.m; path = libraries/GTFSImporter/Model/FareAttributes.m; sourceTree = "<group>"; };
		F471C480178B800C005583A4 /* FareRules.h */ = {isa = PBXFileReference; fileEncoding = 4; lastKnownFileType = sourcecode.c.h; name = FareRules.h; path = libraries/GTFSImporter/Model/FareRules.h; sourceTree = "<group>"; };
		F471C481178B800C005583A4 /* FareRules.m */ = {isa = PBXFileReference; fileEncoding = 4; lastKnownFileType = sourcecode.c.objc; name = FareRules.m; path = libraries/GTFSImporter/Model/FareRules.m; sourceTree = "<group>"; };
		F471C482178B800C005583A4 /* Route.h */ = {isa = PBXFileReference; fileEncoding = 4; lastKnownFileType = sourcecode.c.h; name = Route.h; path = libraries/GTFSImporter/Model/Route.h; sourceTree = "<group>"; };
		F471C483178B800C005583A4 /* Route.m */ = {isa = PBXFileReference; fileEncoding = 4; lastKnownFileType = sourcecode.c.objc; name = Route.m; path = libraries/GTFSImporter/Model/Route.m; sourceTree = "<group>"; };
		F471C484178B800C005583A4 /* Shape.h */ = {isa = PBXFileReference; fileEncoding = 4; lastKnownFileType = sourcecode.c.h; name = Shape.h; path = libraries/GTFSImporter/Model/Shape.h; sourceTree = "<group>"; };
		F471C485178B800C005583A4 /* Shape.m */ = {isa = PBXFileReference; fileEncoding = 4; lastKnownFileType = sourcecode.c.objc; name = Shape.m; path = libraries/GTFSImporter/Model/Shape.m; sourceTree = "<group>"; };
		F471C486178B800C005583A4 /* Stop.h */ = {isa = PBXFileReference; fileEncoding = 4; lastKnownFileType = sourcecode.c.h; name = Stop.h; path = libraries/GTFSImporter/Model/Stop.h; sourceTree = "<group>"; };
		F471C487178B800C005583A4 /* Stop.m */ = {isa = PBXFileReference; fileEncoding = 4; lastKnownFileType = sourcecode.c.objc; name = Stop.m; path = libraries/GTFSImporter/Model/Stop.m; sourceTree = "<group>"; };
		F471C488178B800C005583A4 /* StopTime.h */ = {isa = PBXFileReference; fileEncoding = 4; lastKnownFileType = sourcecode.c.h; name = StopTime.h; path = libraries/GTFSImporter/Model/StopTime.h; sourceTree = "<group>"; };
		F471C489178B800C005583A4 /* StopTime.m */ = {isa = PBXFileReference; fileEncoding = 4; lastKnownFileType = sourcecode.c.objc; name = StopTime.m; path = libraries/GTFSImporter/Model/StopTime.m; sourceTree = "<group>"; };
		F471C48A178B800C005583A4 /* Trip.h */ = {isa = PBXFileReference; fileEncoding = 4; lastKnownFileType = sourcecode.c.h; name = Trip.h; path = libraries/GTFSImporter/Model/Trip.h; sourceTree = "<group>"; };
		F471C48B178B800C005583A4 /* Trip.m */ = {isa = PBXFileReference; fileEncoding = 4; lastKnownFileType = sourcecode.c.objc; name = Trip.m; path = libraries/GTFSImporter/Model/Trip.m; sourceTree = "<group>"; };
		F471C48C178B800C005583A4 /* Util.h */ = {isa = PBXFileReference; fileEncoding = 4; lastKnownFileType = sourcecode.c.h; name = Util.h; path = libraries/GTFSImporter/Util.h; sourceTree = "<group>"; };
		F471C48D178B800C005583A4 /* Util.m */ = {isa = PBXFileReference; fileEncoding = 4; lastKnownFileType = sourcecode.c.objc; name = Util.m; path = libraries/GTFSImporter/Util.m; sourceTree = "<group>"; };
		F471C4AF178B81C8005583A4 /* CoreLocationController.h */ = {isa = PBXFileReference; fileEncoding = 4; lastKnownFileType = sourcecode.c.h; name = CoreLocationController.h; path = classes/CoreLocationController.h; sourceTree = "<group>"; };
		F471C4B0178B81C8005583A4 /* CoreLocationController.m */ = {isa = PBXFileReference; fileEncoding = 4; lastKnownFileType = sourcecode.c.objc; name = CoreLocationController.m; path = classes/CoreLocationController.m; sourceTree = "<group>"; };
		F471C4B9178B88D7005583A4 /* libsqlite3.dylib */ = {isa = PBXFileReference; lastKnownFileType = "compiled.mach-o.dylib"; name = libsqlite3.dylib; path = usr/lib/libsqlite3.dylib; sourceTree = SDKROOT; };
		F471C4BB178B88DD005583A4 /* CoreLocation.framework */ = {isa = PBXFileReference; lastKnownFileType = wrapper.framework; name = CoreLocation.framework; path = System/Library/Frameworks/CoreLocation.framework; sourceTree = SDKROOT; };
		F471C4C0178B89B3005583A4 /* NextShuttleViewController.h */ = {isa = PBXFileReference; fileEncoding = 4; lastKnownFileType = sourcecode.c.h; name = NextShuttleViewController.h; path = classes/NextShuttleViewController.h; sourceTree = "<group>"; };
		F471C4C1178B89B3005583A4 /* NextShuttleViewController.m */ = {isa = PBXFileReference; fileEncoding = 4; lastKnownFileType = sourcecode.c.objc; name = NextShuttleViewController.m; path = classes/NextShuttleViewController.m; sourceTree = "<group>"; };
		F471C4D9178DF660005583A4 /* StopViewController.h */ = {isa = PBXFileReference; fileEncoding = 4; lastKnownFileType = sourcecode.c.h; name = StopViewController.h; path = classes/StopViewController.h; sourceTree = "<group>"; };
		F471C4DA178DF660005583A4 /* StopViewController.m */ = {isa = PBXFileReference; fileEncoding = 4; lastKnownFileType = sourcecode.c.objc; name = StopViewController.m; path = classes/StopViewController.m; sourceTree = "<group>"; };
		F48BD72917CC6426009630BE /* MRoutePolyline.h */ = {isa = PBXFileReference; fileEncoding = 4; lastKnownFileType = sourcecode.c.h; name = MRoutePolyline.h; path = classes/MRoutePolyline.h; sourceTree = "<group>"; };
		F48BD72A17CC6426009630BE /* MRoutePolyline.m */ = {isa = PBXFileReference; fileEncoding = 4; lastKnownFileType = sourcecode.c.objc; name = MRoutePolyline.m; path = classes/MRoutePolyline.m; sourceTree = "<group>"; };
		F4BD10E6187D126B001509D9 /* Instabug.framework */ = {isa = PBXFileReference; lastKnownFileType = wrapper.framework; name = Instabug.framework; path = libraries/Instabug.framework; sourceTree = "<group>"; };
		F4BD10E8187D127A001509D9 /* Instabug.bundle */ = {isa = PBXFileReference; lastKnownFileType = "wrapper.plug-in"; name = Instabug.bundle; path = libraries/Instabug.bundle; sourceTree = "<group>"; };
		F4F555D317D71BAE00301597 /* busstop.png */ = {isa = PBXFileReference; lastKnownFileType = image.png; name = busstop.png; path = images/map/busstop.png; sourceTree = "<group>"; };
/* End PBXFileReference section */

/* Begin PBXFrameworksBuildPhase section */
		F471C3D2178B7D5F005583A4 /* Frameworks */ = {
			isa = PBXFrameworksBuildPhase;
			buildActionMask = 2147483647;
			files = (
				F410C60317EE1684005F0BB3 /* CoreTelephony.framework in Frameworks */,
				F4BD10E7187D126B001509D9 /* Instabug.framework in Frameworks */,
				F410C60117EE167F005F0BB3 /* AudioToolbox.framework in Frameworks */,
				F410C5FF17EE1657005F0BB3 /* CoreFoundation.framework in Frameworks */,
				F4592E79179749C400579D6B /* SystemConfiguration.framework in Frameworks */,
				F4592E77179749BC00579D6B /* QuartzCore.framework in Frameworks */,
				F4592E75179749B200579D6B /* OpenGLES.framework in Frameworks */,
				F4592E73179749A600579D6B /* libicucore.dylib in Frameworks */,
				F4592E711797499D00579D6B /* libc++.dylib in Frameworks */,
				F4592E6F1797452000579D6B /* ImageIO.framework in Frameworks */,
				F4592E6D1797451700579D6B /* GLKit.framework in Frameworks */,
				F4592E6B1797450F00579D6B /* CoreText.framework in Frameworks */,
				F4592E691797450500579D6B /* CoreData.framework in Frameworks */,
				F4592E67179744FD00579D6B /* AVFoundation.framework in Frameworks */,
				F4592E581795E71800579D6B /* libz.dylib in Frameworks */,
				F471C4BC178B88DD005583A4 /* CoreLocation.framework in Frameworks */,
				F471C4BA178B88D7005583A4 /* libsqlite3.dylib in Frameworks */,
				F471C3D9178B7D5F005583A4 /* UIKit.framework in Frameworks */,
				F471C3DB178B7D5F005583A4 /* Foundation.framework in Frameworks */,
				F471C3DD178B7D5F005583A4 /* CoreGraphics.framework in Frameworks */,
				626EE401911147B3A58D811C /* libPods.a in Frameworks */,
			);
			runOnlyForDeploymentPostprocessing = 0;
		};
/* End PBXFrameworksBuildPhase section */

/* Begin PBXGroup section */
		F41231CF17A3CCF300604A02 /* images */ = {
			isa = PBXGroup;
			children = (
				F471C3EA178B7D60005583A4 /* Default.png */,
				F471C3EC178B7D60005583A4 /* Default@2x.png */,
				F471C3EE178B7D60005583A4 /* Default-568h@2x.png */,
				F412321C17A3D94D00604A02 /* icon */,
				F412321817A3CDE800604A02 /* map */,
				F412321717A3CD9700604A02 /* tabs */,
				F41231D017A3CCFE00604A02 /* bus */,
			);
			name = images;
			sourceTree = "<group>";
		};
		F41231D017A3CCFE00604A02 /* bus */ = {
			isa = PBXGroup;
			children = (
				F4514606183878E3000D6E7F /* 1050A@2x.png */,
				F4514607183878E3000D6E7F /* AWE@2x.png */,
				F4514608183878E3000D6E7F /* BOH@2x.png */,
				F4514609183878E3000D6E7F /* C-LIM@2x.png */,
				F451460A183878E3000D6E7F /* C@2x.png */,
				F451460B183878E3000D6E7F /* EB-EX@2x.png */,
				F451460C183878E3000D6E7F /* H@2x.png */,
				F451460D183878E3000D6E7F /* MC-DIR@2x.png */,
				F451460E183878E3000D6E7F /* MC-HOL@2x.png */,
				F451460F183878E3000D6E7F /* MC@2x.png */,
				F4514610183878E3000D6E7F /* N@2x.png */,
				F4514611183878E3000D6E7F /* O@2x.png */,
				F4514612183878E3000D6E7F /* OCA@2x.png */,
				F4514613183878E3000D6E7F /* P@2x.png */,
				F4514614183878E3000D6E7F /* RP@2x.png */,
				F4514615183878E3000D6E7F /* S@2x.png */,
				F4514616183878E3000D6E7F /* SE@2x.png */,
				F4514617183878E3000D6E7F /* SLAC@2x.png */,
				F4514618183878E3000D6E7F /* Stop@2x.png */,
				F4514619183878E3000D6E7F /* TECH@2x.png */,
				F451461A183878E3000D6E7F /* V@2x.png */,
				F451461B183878E3000D6E7F /* X-EXP@2x.png */,
				F451461C183878E3000D6E7F /* X@2x.png */,
				F451461D183878E3000D6E7F /* Y-EXP@2x.png */,
				F451461E183878E3000D6E7F /* Y-LIM@2x.png */,
				F451461F183878E3000D6E7F /* Y@2x.png */,
				F45145D218387363000D6E7F /* 1050A.png */,
				F45145D318387363000D6E7F /* AWE.png */,
				F45145D418387363000D6E7F /* BOH.png */,
				F45145D518387363000D6E7F /* C-LIM.png */,
				F45145D618387363000D6E7F /* C.png */,
				F45145D718387363000D6E7F /* EB-EX.png */,
				F45145D818387363000D6E7F /* H.png */,
				F45145D918387363000D6E7F /* MC-DIR.png */,
				F45145DA18387363000D6E7F /* MC-HOL.png */,
				F45145DB18387363000D6E7F /* MC.png */,
				F45145DC18387363000D6E7F /* N.png */,
				F45145DD18387363000D6E7F /* O.png */,
				F45145DE18387363000D6E7F /* OCA.png */,
				F45145DF18387363000D6E7F /* P.png */,
				F45145E018387363000D6E7F /* RP.png */,
				F45145E118387363000D6E7F /* S.png */,
				F45145E218387363000D6E7F /* SE.png */,
				F45145E318387363000D6E7F /* SLAC.png */,
				F45145E418387363000D6E7F /* Stop.png */,
				F45145E518387363000D6E7F /* TECH.png */,
				F45145E618387363000D6E7F /* V.png */,
				F45145E718387363000D6E7F /* X-EXP.png */,
				F45145E818387363000D6E7F /* X.png */,
				F45145E918387363000D6E7F /* Y-EXP.png */,
				F45145EA18387363000D6E7F /* Y-LIM.png */,
				F45145EB18387363000D6E7F /* Y.png */,
			);
			name = bus;
			sourceTree = "<group>";
		};
		F412321717A3CD9700604A02 /* tabs */ = {
			isa = PBXGroup;
			children = (
				F4592ED7179A846E00579D6B /* map@2x.png */,
				F4592ED3179A845700579D6B /* directions-alt@2x.png */,
				F4592EC9179A83FB00579D6B /* directions-alt.png */,
				F4592ED5179A846200579D6B /* location@2x.png */,
				F4592ED1179A844700579D6B /* time@2x.png */,
				F4592ECF179A841800579D6B /* info.png */,
				F4592ED9179A847E00579D6B /* info@2x.png */,
				F4592ECD179A841100579D6B /* map.png */,
				F4592ECB179A840800579D6B /* location.png */,
				F4592EC7179A83ED00579D6B /* time.png */,
			);
			name = tabs;
			sourceTree = "<group>";
		};
		F412321817A3CDE800604A02 /* map */ = {
			isa = PBXGroup;
			children = (
				F4F555D317D71BAE00301597 /* busstop.png */,
				F412321D17A3DB1600604A02 /* stanford_s.png */,
			);
			name = map;
			sourceTree = "<group>";
		};
		F412321917A3CE7700604A02 /* classes */ = {
			isa = PBXGroup;
			children = (
				F471C3E7178B7D60005583A4 /* AppDelegate.h */,
				F471C3E8178B7D60005583A4 /* AppDelegate.m */,
				F4592EF4179B866A00579D6B /* MRoute.h */,
				F4592EF5179B866A00579D6B /* MRoute.m */,
				F4592EFB179CA60900579D6B /* GTFSDatabase.h */,
				F4592EFC179CA60900579D6B /* GTFSDatabase.m */,
				F4592EFE179DE28D00579D6B /* MRealtimeBus.h */,
				F4592EFF179DE28D00579D6B /* MRealtimeBus.m */,
				F4592F01179F7A5200579D6B /* MStop.h */,
				F4592F02179F7A5200579D6B /* MStop.m */,
				F4592F04179FBCDD00579D6B /* MStopTime.h */,
				F4592F05179FBCDE00579D6B /* MStopTime.m */,
				F4592E591795E79B00579D6B /* LiveMapViewController.h */,
				F4592E5A1795E79C00579D6B /* LiveMapViewController.m */,
				F41231CA17A397FA00604A02 /* AboutViewController.h */,
				F41231CB17A397FB00604A02 /* AboutViewController.m */,
				F471C4C0178B89B3005583A4 /* NextShuttleViewController.h */,
				F471C4C1178B89B3005583A4 /* NextShuttleViewController.m */,
				F471C4D9178DF660005583A4 /* StopViewController.h */,
				F471C4DA178DF660005583A4 /* StopViewController.m */,
				F471C4AF178B81C8005583A4 /* CoreLocationController.h */,
				F4592E5C1795E7C300579D6B /* RealtimeBuses.h */,
				F4592E5D1795E7C300579D6B /* RealtimeBuses.m */,
				F4592EF8179CA3C700579D6B /* MUtil.h */,
				F4592EF9179CA3C700579D6B /* MUtil.m */,
				F471C4B0178B81C8005583A4 /* CoreLocationController.m */,
				F48BD72917CC6426009630BE /* MRoutePolyline.h */,
				F48BD72A17CC6426009630BE /* MRoutePolyline.m */,
			);
			name = classes;
			sourceTree = "<group>";
		};
		F412321C17A3D94D00604A02 /* icon */ = {
			isa = PBXGroup;
			children = (
				F4592EF2179A92E600579D6B /* Icon@2x.png */,
				F4592EF0179A92DC00579D6B /* Icon.png */,
			);
			name = icon;
			sourceTree = "<group>";
		};
		F419389C17A3E1CD0056F598 /* TBXML */ = {
			isa = PBXGroup;
			children = (
				F4592E4D1795E6E700579D6B /* TBXML+Compression.m */,
				F4592E4E1795E6E700579D6B /* TBXML+HTTP.m */,
				F4592E4F1795E6E700579D6B /* TBXML.m */,
				F4592E511795E6E700579D6B /* TBXML+Compression.h */,
				F4592E521795E6E700579D6B /* TBXML+HTTP.h */,
				F4592E531795E6E700579D6B /* TBXML.h */,
			);
			name = TBXML;
			sourceTree = "<group>";
		};
		F419389D17A3E1E00056F598 /* GTFSImporter */ = {
			isa = PBXGroup;
			children = (
				F419389F17A3E2250056F598 /* Libraries */,
				F419389E17A3E21D0056F598 /* Model */,
				F471C464178B800C005583A4 /* CSVImporter.h */,
				F471C465178B800C005583A4 /* CSVImporter.m */,
				F471C48C178B800C005583A4 /* Util.h */,
				F471C48D178B800C005583A4 /* Util.m */,
			);
			name = GTFSImporter;
			sourceTree = "<group>";
		};
		F419389E17A3E21D0056F598 /* Model */ = {
			isa = PBXGroup;
			children = (
				F471C478178B800C005583A4 /* Agency.h */,
				F471C479178B800C005583A4 /* Agency.m */,
				F471C47A178B800C005583A4 /* Calendar.h */,
				F471C47B178B800C005583A4 /* Calendar.m */,
				F471C47C178B800C005583A4 /* CalendarDate.h */,
				F471C47D178B800C005583A4 /* CalendarDate.m */,
				F471C47E178B800C005583A4 /* FareAttributes.h */,
				F471C47F178B800C005583A4 /* FareAttributes.m */,
				F471C480178B800C005583A4 /* FareRules.h */,
				F471C481178B800C005583A4 /* FareRules.m */,
				F471C482178B800C005583A4 /* Route.h */,
				F471C483178B800C005583A4 /* Route.m */,
				F471C484178B800C005583A4 /* Shape.h */,
				F471C485178B800C005583A4 /* Shape.m */,
				F471C486178B800C005583A4 /* Stop.h */,
				F471C487178B800C005583A4 /* Stop.m */,
				F471C488178B800C005583A4 /* StopTime.h */,
				F471C489178B800C005583A4 /* StopTime.m */,
				F471C48A178B800C005583A4 /* Trip.h */,
				F471C48B178B800C005583A4 /* Trip.m */,
			);
			name = Model;
			sourceTree = "<group>";
		};
		F419389F17A3E2250056F598 /* Libraries */ = {
			isa = PBXGroup;
			children = (
				F41938A117A3E2310056F598 /* SQLite */,
				F41938A017A3E22C0056F598 /* CSVParser */,
			);
			name = Libraries;
			sourceTree = "<group>";
		};
		F41938A017A3E22C0056F598 /* CSVParser */ = {
			isa = PBXGroup;
			children = (
				F471C46A178B800C005583A4 /* CSVParser.h */,
				F471C46B178B800C005583A4 /* CSVParser.m */,
			);
			name = CSVParser;
			sourceTree = "<group>";
		};
		F41938A117A3E2310056F598 /* SQLite */ = {
			isa = PBXGroup;
			children = (
				F471C46D178B800C005583A4 /* FMDatabase.h */,
				F471C46E178B800C005583A4 /* FMDatabase.m */,
				F471C46F178B800C005583A4 /* FMDatabaseAdditions.h */,
				F471C470178B800C005583A4 /* FMDatabaseAdditions.m */,
				F471C471178B800C005583A4 /* FMDatabasePool.h */,
				F471C472178B800C005583A4 /* FMDatabasePool.m */,
				F471C473178B800C005583A4 /* FMDatabaseQueue.h */,
				F471C474178B800C005583A4 /* FMDatabaseQueue.m */,
				F471C475178B800C005583A4 /* FMResultSet.h */,
				F471C476178B800C005583A4 /* FMResultSet.m */,
			);
			name = SQLite;
			sourceTree = "<group>";
		};
		F41938A617A3E3200056F598 /* gtfs */ = {
			isa = PBXGroup;
			children = (
				F4135312187D22460070DD45 /* gtfs.db */,
				F4135304187D20E20070DD45 /* agency.txt */,
				F4135305187D20E20070DD45 /* calendar_dates.txt */,
				F4135306187D20E20070DD45 /* routes.txt */,
				F4135307187D20E20070DD45 /* shapes.txt */,
				F4135308187D20E20070DD45 /* stop_times.txt */,
				F4135309187D20E20070DD45 /* stops.txt */,
				F413530A187D20E20070DD45 /* trips.txt */,
			);
			name = gtfs;
			sourceTree = "<group>";
		};
		F471C3CC178B7D5F005583A4 = {
			isa = PBXGroup;
			children = (
				F41938AD17A3E44F0056F598 /* marguerite-Info.plist */,
				F41938A717A3E4480056F598 /* InfoPlist.strings */,
				F41938A917A3E4480056F598 /* MainStoryboard_iPhone.storyboard */,
				F41938A617A3E3200056F598 /* gtfs */,
				F4592E7F1798719100579D6B /* secrets.h */,
				F471C3E4178B7D5F005583A4 /* main.m */,
				F471C3E6178B7D5F005583A4 /* marguerite-Prefix.pch */,
				F412321917A3CE7700604A02 /* classes */,
				F41231CF17A3CCF300604A02 /* images */,
				F471C4D7178DDB6D005583A4 /* libraries */,
				F471C3D7178B7D5F005583A4 /* Frameworks */,
				F471C3D6178B7D5F005583A4 /* Products */,
				70CE5BB07FB64AA48B3AE676 /* Pods.xcconfig */,
			);
			sourceTree = "<group>";
		};
		F471C3D6178B7D5F005583A4 /* Products */ = {
			isa = PBXGroup;
			children = (
				F471C3D5178B7D5F005583A4 /* Marguerite.app */,
			);
			name = Products;
			sourceTree = "<group>";
		};
		F471C3D7178B7D5F005583A4 /* Frameworks */ = {
			isa = PBXGroup;
			children = (
				F4BD10E8187D127A001509D9 /* Instabug.bundle */,
				F4BD10E6187D126B001509D9 /* Instabug.framework */,
				F410C60217EE1684005F0BB3 /* CoreTelephony.framework */,
				F410C60017EE167F005F0BB3 /* AudioToolbox.framework */,
				F410C5FE17EE1657005F0BB3 /* CoreFoundation.framework */,
				F4592E571795E71800579D6B /* libz.dylib */,
				F471C4BB178B88DD005583A4 /* CoreLocation.framework */,
				F471C4B9178B88D7005583A4 /* libsqlite3.dylib */,
				F4592E78179749C400579D6B /* SystemConfiguration.framework */,
				F4592E76179749BC00579D6B /* QuartzCore.framework */,
				F4592E74179749B200579D6B /* OpenGLES.framework */,
				F4592E72179749A600579D6B /* libicucore.dylib */,
				F4592E701797499D00579D6B /* libc++.dylib */,
				F4592E6E1797452000579D6B /* ImageIO.framework */,
				F4592E6C1797451700579D6B /* GLKit.framework */,
				F4592E6A1797450F00579D6B /* CoreText.framework */,
				F4592E681797450500579D6B /* CoreData.framework */,
				F4592E66179744FC00579D6B /* AVFoundation.framework */,
				F471C3D8178B7D5F005583A4 /* UIKit.framework */,
				F471C3DA178B7D5F005583A4 /* Foundation.framework */,
				F471C3DC178B7D5F005583A4 /* CoreGraphics.framework */,
				F471C40A178B7D60005583A4 /* SenTestingKit.framework */,
				C74FC6596E0D4FE98CA124BB /* libPods.a */,
			);
			name = Frameworks;
			sourceTree = "<group>";
		};
		F471C4D7178DDB6D005583A4 /* libraries */ = {
			isa = PBXGroup;
			children = (
				F419389D17A3E1E00056F598 /* GTFSImporter */,
				F419389C17A3E1CD0056F598 /* TBXML */,
			);
			name = libraries;
			sourceTree = "<group>";
		};
/* End PBXGroup section */

/* Begin PBXNativeTarget section */
		F471C3D4178B7D5F005583A4 /* marguerite */ = {
			isa = PBXNativeTarget;
			buildConfigurationList = F471C41B178B7D60005583A4 /* Build configuration list for PBXNativeTarget "marguerite" */;
			buildPhases = (
				5BA1425A599743EC9DCB8943 /* Check Pods Manifest.lock */,
				F471C3D1178B7D5F005583A4 /* Sources */,
				F471C3D2178B7D5F005583A4 /* Frameworks */,
				F471C3D3178B7D5F005583A4 /* Resources */,
				3B628719712D4AA1BAD65ABA /* Copy Pods Resources */,
			);
			buildRules = (
			);
			dependencies = (
			);
			name = marguerite;
			productName = marguerite;
			productReference = F471C3D5178B7D5F005583A4 /* Marguerite.app */;
			productType = "com.apple.product-type.application";
		};
/* End PBXNativeTarget section */

/* Begin PBXProject section */
		F471C3CD178B7D5F005583A4 /* Project object */ = {
			isa = PBXProject;
			attributes = {
				LastUpgradeCheck = 0460;
				ORGANIZATIONNAME = "Cardinal Devs";
			};
			buildConfigurationList = F471C3D0178B7D5F005583A4 /* Build configuration list for PBXProject "marguerite" */;
			compatibilityVersion = "Xcode 3.2";
			developmentRegion = English;
			hasScannedForEncodings = 0;
			knownRegions = (
				en,
			);
			mainGroup = F471C3CC178B7D5F005583A4;
			productRefGroup = F471C3D6178B7D5F005583A4 /* Products */;
			projectDirPath = "";
			projectRoot = "";
			targets = (
				F471C3D4178B7D5F005583A4 /* marguerite */,
			);
		};
/* End PBXProject section */

/* Begin PBXResourcesBuildPhase section */
		F471C3D3178B7D5F005583A4 /* Resources */ = {
			isa = PBXResourcesBuildPhase;
			buildActionMask = 2147483647;
			files = (
				F4514638183878E3000D6E7F /* Y-LIM@2x.png in Resources */,
				F45145F018387363000D6E7F /* C.png in Resources */,
				F471C3EB178B7D60005583A4 /* Default.png in Resources */,
				F4514627183878E3000D6E7F /* MC-DIR@2x.png in Resources */,
				F471C3ED178B7D60005583A4 /* Default@2x.png in Resources */,
				F4514636183878E3000D6E7F /* X@2x.png in Resources */,
				F45145F618387363000D6E7F /* N.png in Resources */,
				F471C3EF178B7D60005583A4 /* Default-568h@2x.png in Resources */,
				F45145FA18387363000D6E7F /* RP.png in Resources */,
				F451460218387363000D6E7F /* X.png in Resources */,
				F4135310187D20E20070DD45 /* stops.txt in Resources */,
				F45145ED18387363000D6E7F /* AWE.png in Resources */,
				F45145F518387363000D6E7F /* MC.png in Resources */,
				F451460418387363000D6E7F /* Y-LIM.png in Resources */,
				F4514626183878E3000D6E7F /* H@2x.png in Resources */,
				F4514625183878E3000D6E7F /* EB-EX@2x.png in Resources */,
				F4514628183878E3000D6E7F /* MC-HOL@2x.png in Resources */,
				F413530E187D20E20070DD45 /* shapes.txt in Resources */,
				F45145FB18387363000D6E7F /* S.png in Resources */,
				F45145EE18387363000D6E7F /* BOH.png in Resources */,
				F4514633183878E3000D6E7F /* TECH@2x.png in Resources */,
				F45145FF18387363000D6E7F /* TECH.png in Resources */,
				F413530D187D20E20070DD45 /* routes.txt in Resources */,
				F451462A183878E3000D6E7F /* N@2x.png in Resources */,
				F4514624183878E3000D6E7F /* C@2x.png in Resources */,
				F45145FE18387363000D6E7F /* Stop.png in Resources */,
				F4514620183878E3000D6E7F /* 1050A@2x.png in Resources */,
				F413530C187D20E20070DD45 /* calendar_dates.txt in Resources */,
				F45145F418387363000D6E7F /* MC-HOL.png in Resources */,
				F4592EC8179A83ED00579D6B /* time.png in Resources */,
				F4592ECA179A83FB00579D6B /* directions-alt.png in Resources */,
				F45145EF18387363000D6E7F /* C-LIM.png in Resources */,
				F4592ECC179A840800579D6B /* location.png in Resources */,
				F45145FD18387363000D6E7F /* SLAC.png in Resources */,
				F45145EC18387363000D6E7F /* 1050A.png in Resources */,
				F4514631183878E3000D6E7F /* SLAC@2x.png in Resources */,
				F4514632183878E3000D6E7F /* Stop@2x.png in Resources */,
				F4592ECE179A841100579D6B /* map.png in Resources */,
				F413530F187D20E20070DD45 /* stop_times.txt in Resources */,
				F4592ED0179A841800579D6B /* info.png in Resources */,
				F4592ED2179A844700579D6B /* time@2x.png in Resources */,
				F45145F318387363000D6E7F /* MC-DIR.png in Resources */,
				F4514622183878E3000D6E7F /* BOH@2x.png in Resources */,
				F4592ED4179A845700579D6B /* directions-alt@2x.png in Resources */,
				F451462C183878E3000D6E7F /* OCA@2x.png in Resources */,
				F451460518387363000D6E7F /* Y.png in Resources */,
				F451462B183878E3000D6E7F /* O@2x.png in Resources */,
				F4135313187D22460070DD45 /* gtfs.db in Resources */,
				F4592ED6179A846200579D6B /* location@2x.png in Resources */,
				F451460118387363000D6E7F /* X-EXP.png in Resources */,
				F45145F118387363000D6E7F /* EB-EX.png in Resources */,
				F4514623183878E3000D6E7F /* C-LIM@2x.png in Resources */,
				F45145FC18387363000D6E7F /* SE.png in Resources */,
				F4592ED8179A846E00579D6B /* map@2x.png in Resources */,
				F4592EDA179A847E00579D6B /* info@2x.png in Resources */,
				F4592EF1179A92DC00579D6B /* Icon.png in Resources */,
				F451462F183878E3000D6E7F /* S@2x.png in Resources */,
				F4592EF3179A92E600579D6B /* Icon@2x.png in Resources */,
				F451462D183878E3000D6E7F /* P@2x.png in Resources */,
				F412321E17A3DB1600604A02 /* stanford_s.png in Resources */,
				F4514635183878E3000D6E7F /* X-EXP@2x.png in Resources */,
				F4514639183878E3000D6E7F /* Y@2x.png in Resources */,
				F4514621183878E3000D6E7F /* AWE@2x.png in Resources */,
				F41938AB17A3E4480056F598 /* InfoPlist.strings in Resources */,
				F451460018387363000D6E7F /* V.png in Resources */,
				F413530B187D20E20070DD45 /* agency.txt in Resources */,
				F4514629183878E3000D6E7F /* MC@2x.png in Resources */,
				F451462E183878E3000D6E7F /* RP@2x.png in Resources */,
				F4135311187D20E20070DD45 /* trips.txt in Resources */,
				F4BD10E9187D127A001509D9 /* Instabug.bundle in Resources */,
				F41938AC17A3E4480056F598 /* MainStoryboard_iPhone.storyboard in Resources */,
				F4F555D417D71BAE00301597 /* busstop.png in Resources */,
				F45145F918387363000D6E7F /* P.png in Resources */,
				F45145F218387363000D6E7F /* H.png in Resources */,
				F4514637183878E3000D6E7F /* Y-EXP@2x.png in Resources */,
				F45145F818387363000D6E7F /* OCA.png in Resources */,
				F45145F718387363000D6E7F /* O.png in Resources */,
				F4514634183878E3000D6E7F /* V@2x.png in Resources */,
				F4514630183878E3000D6E7F /* SE@2x.png in Resources */,
				F451460318387363000D6E7F /* Y-EXP.png in Resources */,
			);
			runOnlyForDeploymentPostprocessing = 0;
		};
/* End PBXResourcesBuildPhase section */

/* Begin PBXShellScriptBuildPhase section */
		3B628719712D4AA1BAD65ABA /* Copy Pods Resources */ = {
			isa = PBXShellScriptBuildPhase;
			buildActionMask = 2147483647;
			files = (
			);
			inputPaths = (
			);
			name = "Copy Pods Resources";
			outputPaths = (
			);
			runOnlyForDeploymentPostprocessing = 0;
			shellPath = /bin/sh;
			shellScript = "\"${SRCROOT}/Pods/Pods-resources.sh\"\n";
		};
		5BA1425A599743EC9DCB8943 /* Check Pods Manifest.lock */ = {
			isa = PBXShellScriptBuildPhase;
			buildActionMask = 2147483647;
			files = (
			);
			inputPaths = (
			);
			name = "Check Pods Manifest.lock";
			outputPaths = (
			);
			runOnlyForDeploymentPostprocessing = 0;
			shellPath = /bin/sh;
			shellScript = "diff \"${PODS_ROOT}/../Podfile.lock\" \"${PODS_ROOT}/Manifest.lock\" > /dev/null\nif [[ $? != 0 ]] ; then\n    cat << EOM\nerror: The sandbox is not in sync with the Podfile.lock. Run 'pod install' or update your CocoaPods installation.\nEOM\n    exit 1\nfi\n";
		};
/* End PBXShellScriptBuildPhase section */

/* Begin PBXSourcesBuildPhase section */
		F471C3D1178B7D5F005583A4 /* Sources */ = {
			isa = PBXSourcesBuildPhase;
			buildActionMask = 2147483647;
			files = (
				F471C3E5178B7D5F005583A4 /* main.m in Sources */,
				F471C3E9178B7D60005583A4 /* AppDelegate.m in Sources */,
				F471C48E178B800C005583A4 /* CSVImporter.m in Sources */,
				F471C490178B800C005583A4 /* CSVParser.m in Sources */,
				F471C491178B800C005583A4 /* FMDatabase.m in Sources */,
				F471C492178B800C005583A4 /* FMDatabaseAdditions.m in Sources */,
				F471C493178B800C005583A4 /* FMDatabasePool.m in Sources */,
				F471C494178B800C005583A4 /* FMDatabaseQueue.m in Sources */,
				F471C495178B800C005583A4 /* FMResultSet.m in Sources */,
				F471C496178B800C005583A4 /* Agency.m in Sources */,
				F471C497178B800C005583A4 /* Calendar.m in Sources */,
				F471C498178B800C005583A4 /* CalendarDate.m in Sources */,
				F471C499178B800C005583A4 /* FareAttributes.m in Sources */,
				F471C49A178B800C005583A4 /* FareRules.m in Sources */,
				F471C49B178B800C005583A4 /* Route.m in Sources */,
				F471C49C178B800C005583A4 /* Shape.m in Sources */,
				F471C49D178B800C005583A4 /* Stop.m in Sources */,
				F471C49E178B800C005583A4 /* StopTime.m in Sources */,
				F471C49F178B800C005583A4 /* Trip.m in Sources */,
				F471C4A0178B800C005583A4 /* Util.m in Sources */,
				F471C4B1178B81C8005583A4 /* CoreLocationController.m in Sources */,
				F471C4C2178B89B3005583A4 /* NextShuttleViewController.m in Sources */,
				F471C4DB178DF660005583A4 /* StopViewController.m in Sources */,
				F4592E541795E6E700579D6B /* TBXML+Compression.m in Sources */,
				F4592E551795E6E700579D6B /* TBXML+HTTP.m in Sources */,
				F4592E561795E6E700579D6B /* TBXML.m in Sources */,
				F4592E5B1795E79C00579D6B /* LiveMapViewController.m in Sources */,
				F4592E5E1795E7C300579D6B /* RealtimeBuses.m in Sources */,
				F4592EF6179B866D00579D6B /* MRoute.m in Sources */,
				F4592EFA179CA3C800579D6B /* MUtil.m in Sources */,
				F4592EFD179CA60900579D6B /* GTFSDatabase.m in Sources */,
				F4592F00179DE28D00579D6B /* MRealtimeBus.m in Sources */,
				F4592F03179F7A5300579D6B /* MStop.m in Sources */,
				F4592F06179FBCE200579D6B /* MStopTime.m in Sources */,
				F41231CC17A397FB00604A02 /* AboutViewController.m in Sources */,
				F48BD72B17CC6426009630BE /* MRoutePolyline.m in Sources */,
			);
			runOnlyForDeploymentPostprocessing = 0;
		};
/* End PBXSourcesBuildPhase section */

/* Begin PBXVariantGroup section */
		F41938A717A3E4480056F598 /* InfoPlist.strings */ = {
			isa = PBXVariantGroup;
			children = (
				F41938A817A3E4480056F598 /* en */,
			);
			name = InfoPlist.strings;
			sourceTree = "<group>";
		};
		F41938A917A3E4480056F598 /* MainStoryboard_iPhone.storyboard */ = {
			isa = PBXVariantGroup;
			children = (
				F41938AA17A3E4480056F598 /* en */,
			);
			name = MainStoryboard_iPhone.storyboard;
			sourceTree = "<group>";
		};
/* End PBXVariantGroup section */

/* Begin XCBuildConfiguration section */
		F471C419178B7D60005583A4 /* Debug */ = {
			isa = XCBuildConfiguration;
			buildSettings = {
				ALWAYS_SEARCH_USER_PATHS = NO;
				CLANG_CXX_LANGUAGE_STANDARD = "gnu++0x";
				CLANG_CXX_LIBRARY = "libc++";
				CLANG_ENABLE_OBJC_ARC = YES;
				CLANG_WARN_CONSTANT_CONVERSION = YES;
				CLANG_WARN_EMPTY_BODY = YES;
				CLANG_WARN_ENUM_CONVERSION = YES;
				CLANG_WARN_INT_CONVERSION = YES;
				CLANG_WARN__DUPLICATE_METHOD_MATCH = YES;
				CODE_SIGN_IDENTITY = "iPhone Distribution: Stanford University";
				"CODE_SIGN_IDENTITY[sdk=iphoneos*]" = "iPhone Distribution: Stanford University";
				COPY_PHASE_STRIP = NO;
				GCC_C_LANGUAGE_STANDARD = gnu99;
				GCC_DYNAMIC_NO_PIC = NO;
				GCC_OPTIMIZATION_LEVEL = 0;
				GCC_PREFIX_HEADER = "marguerite-Prefix.pch";
				GCC_PREPROCESSOR_DEFINITIONS = (
					"DEBUG=1",
					"$(inherited)",
				);
				GCC_SYMBOLS_PRIVATE_EXTERN = NO;
				GCC_WARN_ABOUT_RETURN_TYPE = YES;
				GCC_WARN_UNINITIALIZED_AUTOS = YES;
				GCC_WARN_UNUSED_VARIABLE = YES;
				IPHONEOS_DEPLOYMENT_TARGET = 6.1;
				ONLY_ACTIVE_ARCH = NO;
				PROVISIONING_PROFILE = "6E9DF81D-DC56-4C28-BE8D-6EC878814FFD";
				SDKROOT = iphoneos6.1;
				TARGETED_DEVICE_FAMILY = 1;
				VALID_ARCHS = "armv7 armv7s i386";
			};
			name = Debug;
		};
		F471C41A178B7D60005583A4 /* Release */ = {
			isa = XCBuildConfiguration;
			buildSettings = {
				ALWAYS_SEARCH_USER_PATHS = NO;
				CLANG_CXX_LANGUAGE_STANDARD = "gnu++0x";
				CLANG_CXX_LIBRARY = "libc++";
				CLANG_ENABLE_OBJC_ARC = YES;
				CLANG_WARN_CONSTANT_CONVERSION = YES;
				CLANG_WARN_EMPTY_BODY = YES;
				CLANG_WARN_ENUM_CONVERSION = YES;
				CLANG_WARN_INT_CONVERSION = YES;
				CLANG_WARN__DUPLICATE_METHOD_MATCH = YES;
				CODE_SIGN_IDENTITY = "iPhone Distribution: Stanford University";
				"CODE_SIGN_IDENTITY[sdk=iphoneos*]" = "iPhone Distribution: Stanford University";
				COPY_PHASE_STRIP = YES;
				GCC_C_LANGUAGE_STANDARD = gnu99;
				GCC_PREFIX_HEADER = "marguerite-Prefix.pch";
				GCC_WARN_ABOUT_RETURN_TYPE = YES;
				GCC_WARN_UNINITIALIZED_AUTOS = YES;
				GCC_WARN_UNUSED_VARIABLE = YES;
				IPHONEOS_DEPLOYMENT_TARGET = 6.1;
				ONLY_ACTIVE_ARCH = NO;
				OTHER_CFLAGS = "-DNS_BLOCK_ASSERTIONS=1";
				PROVISIONING_PROFILE = "6E9DF81D-DC56-4C28-BE8D-6EC878814FFD";
				SDKROOT = iphoneos6.1;
				TARGETED_DEVICE_FAMILY = 1;
				VALIDATE_PRODUCT = YES;
				VALID_ARCHS = "armv7 armv7s i386";
			};
			name = Release;
		};
		F471C41C178B7D60005583A4 /* Debug */ = {
			isa = XCBuildConfiguration;
			baseConfigurationReference = 70CE5BB07FB64AA48B3AE676 /* Pods.xcconfig */;
			buildSettings = {
				ARCHS = "$(ARCHS_STANDARD_32_BIT)";
				CODE_SIGN_IDENTITY = "iPhone Developer: Kevin Conley (34A688L22V)";
				FRAMEWORK_SEARCH_PATHS = (
					"$(inherited)",
					"$(SRCROOT)",
					"/Users/kcon/Desktop/marguerite-ios",
					"/Users/kcon/Desktop/marguerite-ios/libraries",
				);
				GCC_PRECOMPILE_PREFIX_HEADER = YES;
				GCC_PREFIX_HEADER = "marguerite-Prefix.pch";
				INFOPLIST_FILE = "$(SRCROOT)/marguerite-Info.plist";
				IPHONEOS_DEPLOYMENT_TARGET = 6.1;
				LIBRARY_SEARCH_PATHS = "$(inherited)";
				ONLY_ACTIVE_ARCH = NO;
				PRODUCT_NAME = Marguerite;
				PROVISIONING_PROFILE = "6E9DF81D-DC56-4C28-BE8D-6EC878814FFD";
				"PROVISIONING_PROFILE[sdk=iphoneos*]" = "6E9DF81D-DC56-4C28-BE8D-6EC878814FFD";
				TARGETED_DEVICE_FAMILY = 1;
				VALID_ARCHS = "armv7 i386";
				WRAPPER_EXTENSION = app;
			};
			name = Debug;
		};
		F471C41D178B7D60005583A4 /* Release */ = {
			isa = XCBuildConfiguration;
			baseConfigurationReference = 70CE5BB07FB64AA48B3AE676 /* Pods.xcconfig */;
			buildSettings = {
				ARCHS = "$(ARCHS_STANDARD_32_BIT)";
				CODE_SIGN_IDENTITY = "iPhone Distribution: Stanford University";
				"CODE_SIGN_IDENTITY[sdk=iphoneos*]" = "iPhone Distribution: Stanford University";
				FRAMEWORK_SEARCH_PATHS = (
					"$(inherited)",
					"$(SRCROOT)",
					"/Users/kcon/Desktop/marguerite-ios",
					"/Users/kcon/Desktop/marguerite-ios/libraries",
				);
				GCC_PRECOMPILE_PREFIX_HEADER = YES;
				GCC_PREFIX_HEADER = "marguerite-Prefix.pch";
				INFOPLIST_FILE = "$(SRCROOT)/marguerite-Info.plist";
				IPHONEOS_DEPLOYMENT_TARGET = 6.1;
				LIBRARY_SEARCH_PATHS = "$(inherited)";
				ONLY_ACTIVE_ARCH = NO;
				PRODUCT_NAME = Marguerite;
				PROVISIONING_PROFILE = "7B1F942E-E30E-4F58-806F-1ACBE8931102";
				"PROVISIONING_PROFILE[sdk=iphoneos*]" = "7B1F942E-E30E-4F58-806F-1ACBE8931102";
				TARGETED_DEVICE_FAMILY = 1;
				VALID_ARCHS = "armv7 i386";
				WRAPPER_EXTENSION = app;
			};
			name = Release;
		};
/* End XCBuildConfiguration section */

/* Begin XCConfigurationList section */
		F471C3D0178B7D5F005583A4 /* Build configuration list for PBXProject "marguerite" */ = {
			isa = XCConfigurationList;
			buildConfigurations = (
				F471C419178B7D60005583A4 /* Debug */,
				F471C41A178B7D60005583A4 /* Release */,
			);
			defaultConfigurationIsVisible = 0;
			defaultConfigurationName = Release;
		};
		F471C41B178B7D60005583A4 /* Build configuration list for PBXNativeTarget "marguerite" */ = {
			isa = XCConfigurationList;
			buildConfigurations = (
				F471C41C178B7D60005583A4 /* Debug */,
				F471C41D178B7D60005583A4 /* Release */,
			);
			defaultConfigurationIsVisible = 0;
			defaultConfigurationName = Release;
		};
/* End XCConfigurationList section */
	};
	rootObject = F471C3CD178B7D5F005583A4 /* Project object */;
}
